// !$*UTF8*$!
{
	archiveVersion = 1;
	classes = {
	};
	objectVersion = 56;
	objects = {

/* Begin PBXBuildFile section */
		CE07587629C5B6D3008216D3 /* RMLocation.swift in Sources */ = {isa = PBXBuildFile; fileRef = CE07587529C5B6D3008216D3 /* RMLocation.swift */; };
		CE07587829C5B6E0008216D3 /* RMCharacter.swift in Sources */ = {isa = PBXBuildFile; fileRef = CE07587729C5B6E0008216D3 /* RMCharacter.swift */; };
		CE07587A29C5B6E6008216D3 /* RMEpisode.swift in Sources */ = {isa = PBXBuildFile; fileRef = CE07587929C5B6E6008216D3 /* RMEpisode.swift */; };
		CE07587D29C5B7AA008216D3 /* RMCharacterViewController.swift in Sources */ = {isa = PBXBuildFile; fileRef = CE07587C29C5B7AA008216D3 /* RMCharacterViewController.swift */; };
		CE07587F29C5B7C1008216D3 /* RMEpisodeViewController.swift in Sources */ = {isa = PBXBuildFile; fileRef = CE07587E29C5B7C1008216D3 /* RMEpisodeViewController.swift */; };
		CE07588129C5B7E4008216D3 /* RMLocationViewController.swift in Sources */ = {isa = PBXBuildFile; fileRef = CE07588029C5B7E4008216D3 /* RMLocationViewController.swift */; };
		CE07588329C5B80E008216D3 /* RMSettingsViewController.swift in Sources */ = {isa = PBXBuildFile; fileRef = CE07588229C5B80E008216D3 /* RMSettingsViewController.swift */; };
		CE07588629C5DA01008216D3 /* UIViewController+Utils.swift in Sources */ = {isa = PBXBuildFile; fileRef = CE07588529C5DA01008216D3 /* UIViewController+Utils.swift */; };
		CE4ABBA529C5A851003E7BA8 /* AppDelegate.swift in Sources */ = {isa = PBXBuildFile; fileRef = CE4ABBA429C5A851003E7BA8 /* AppDelegate.swift */; };
		CE4ABBA729C5A851003E7BA8 /* SceneDelegate.swift in Sources */ = {isa = PBXBuildFile; fileRef = CE4ABBA629C5A851003E7BA8 /* SceneDelegate.swift */; };
		CE4ABBA929C5A851003E7BA8 /* RMTabViewController.swift in Sources */ = {isa = PBXBuildFile; fileRef = CE4ABBA829C5A851003E7BA8 /* RMTabViewController.swift */; };
		CE4ABBAE29C5A852003E7BA8 /* Assets.xcassets in Resources */ = {isa = PBXBuildFile; fileRef = CE4ABBAD29C5A852003E7BA8 /* Assets.xcassets */; };
		CE4ABBB129C5A852003E7BA8 /* LaunchScreen.storyboard in Resources */ = {isa = PBXBuildFile; fileRef = CE4ABBAF29C5A852003E7BA8 /* LaunchScreen.storyboard */; };
		CE6A973429C5F8EE00E26187 /* RMService.swift in Sources */ = {isa = PBXBuildFile; fileRef = CE6A973329C5F8EE00E26187 /* RMService.swift */; };
		CE6A973629C5F90200E26187 /* RMRequest.swift in Sources */ = {isa = PBXBuildFile; fileRef = CE6A973529C5F90200E26187 /* RMRequest.swift */; };
		CE6A973829C5FA0800E26187 /* RMEndpoint.swift in Sources */ = {isa = PBXBuildFile; fileRef = CE6A973729C5FA0800E26187 /* RMEndpoint.swift */; };
		CE6A973A29C5FF3E00E26187 /* RMOrigin.swift in Sources */ = {isa = PBXBuildFile; fileRef = CE6A973929C5FF3E00E26187 /* RMOrigin.swift */; };
		CE6A973C29C5FFA300E26187 /* RMSingleLocation.swift in Sources */ = {isa = PBXBuildFile; fileRef = CE6A973B29C5FFA300E26187 /* RMSingleLocation.swift */; };
		CE6A973E29C6022200E26187 /* RMCharacterStatus.swift in Sources */ = {isa = PBXBuildFile; fileRef = CE6A973D29C6022200E26187 /* RMCharacterStatus.swift */; };
		CE6A974029C6025800E26187 /* RMCharacterGender.swift in Sources */ = {isa = PBXBuildFile; fileRef = CE6A973F29C6025800E26187 /* RMCharacterGender.swift */; };
/* End PBXBuildFile section */

/* Begin PBXFileReference section */
		CE07587529C5B6D3008216D3 /* RMLocation.swift */ = {isa = PBXFileReference; lastKnownFileType = sourcecode.swift; path = RMLocation.swift; sourceTree = "<group>"; };
		CE07587729C5B6E0008216D3 /* RMCharacter.swift */ = {isa = PBXFileReference; lastKnownFileType = sourcecode.swift; path = RMCharacter.swift; sourceTree = "<group>"; };
		CE07587929C5B6E6008216D3 /* RMEpisode.swift */ = {isa = PBXFileReference; lastKnownFileType = sourcecode.swift; path = RMEpisode.swift; sourceTree = "<group>"; };
		CE07587C29C5B7AA008216D3 /* RMCharacterViewController.swift */ = {isa = PBXFileReference; lastKnownFileType = sourcecode.swift; path = RMCharacterViewController.swift; sourceTree = "<group>"; };
		CE07587E29C5B7C1008216D3 /* RMEpisodeViewController.swift */ = {isa = PBXFileReference; lastKnownFileType = sourcecode.swift; path = RMEpisodeViewController.swift; sourceTree = "<group>"; };
		CE07588029C5B7E4008216D3 /* RMLocationViewController.swift */ = {isa = PBXFileReference; lastKnownFileType = sourcecode.swift; path = RMLocationViewController.swift; sourceTree = "<group>"; };
		CE07588229C5B80E008216D3 /* RMSettingsViewController.swift */ = {isa = PBXFileReference; lastKnownFileType = sourcecode.swift; path = RMSettingsViewController.swift; sourceTree = "<group>"; };
		CE07588529C5DA01008216D3 /* UIViewController+Utils.swift */ = {isa = PBXFileReference; lastKnownFileType = sourcecode.swift; path = "UIViewController+Utils.swift"; sourceTree = "<group>"; };
		CE4ABBA129C5A851003E7BA8 /* Rick And Morty.app */ = {isa = PBXFileReference; explicitFileType = wrapper.application; includeInIndex = 0; path = "Rick And Morty.app"; sourceTree = BUILT_PRODUCTS_DIR; };
		CE4ABBA429C5A851003E7BA8 /* AppDelegate.swift */ = {isa = PBXFileReference; lastKnownFileType = sourcecode.swift; path = AppDelegate.swift; sourceTree = "<group>"; };
		CE4ABBA629C5A851003E7BA8 /* SceneDelegate.swift */ = {isa = PBXFileReference; lastKnownFileType = sourcecode.swift; path = SceneDelegate.swift; sourceTree = "<group>"; };
		CE4ABBA829C5A851003E7BA8 /* RMTabViewController.swift */ = {isa = PBXFileReference; lastKnownFileType = sourcecode.swift; path = RMTabViewController.swift; sourceTree = "<group>"; };
		CE4ABBAD29C5A852003E7BA8 /* Assets.xcassets */ = {isa = PBXFileReference; lastKnownFileType = folder.assetcatalog; path = Assets.xcassets; sourceTree = "<group>"; };
		CE4ABBB029C5A852003E7BA8 /* Base */ = {isa = PBXFileReference; lastKnownFileType = file.storyboard; name = Base; path = Base.lproj/LaunchScreen.storyboard; sourceTree = "<group>"; };
		CE4ABBB229C5A852003E7BA8 /* Info.plist */ = {isa = PBXFileReference; lastKnownFileType = text.plist.xml; path = Info.plist; sourceTree = "<group>"; };
		CE6A973329C5F8EE00E26187 /* RMService.swift */ = {isa = PBXFileReference; lastKnownFileType = sourcecode.swift; path = RMService.swift; sourceTree = "<group>"; };
		CE6A973529C5F90200E26187 /* RMRequest.swift */ = {isa = PBXFileReference; lastKnownFileType = sourcecode.swift; path = RMRequest.swift; sourceTree = "<group>"; };
		CE6A973729C5FA0800E26187 /* RMEndpoint.swift */ = {isa = PBXFileReference; lastKnownFileType = sourcecode.swift; path = RMEndpoint.swift; sourceTree = "<group>"; };
		CE6A973929C5FF3E00E26187 /* RMOrigin.swift */ = {isa = PBXFileReference; lastKnownFileType = sourcecode.swift; path = RMOrigin.swift; sourceTree = "<group>"; };
		CE6A973B29C5FFA300E26187 /* RMSingleLocation.swift */ = {isa = PBXFileReference; lastKnownFileType = sourcecode.swift; path = RMSingleLocation.swift; sourceTree = "<group>"; };
		CE6A973D29C6022200E26187 /* RMCharacterStatus.swift */ = {isa = PBXFileReference; lastKnownFileType = sourcecode.swift; path = RMCharacterStatus.swift; sourceTree = "<group>"; };
		CE6A973F29C6025800E26187 /* RMCharacterGender.swift */ = {isa = PBXFileReference; lastKnownFileType = sourcecode.swift; path = RMCharacterGender.swift; sourceTree = "<group>"; };
/* End PBXFileReference section */

/* Begin PBXFrameworksBuildPhase section */
		CE4ABB9E29C5A851003E7BA8 /* Frameworks */ = {
			isa = PBXFrameworksBuildPhase;
			buildActionMask = 2147483647;
			files = (
			);
			runOnlyForDeploymentPostprocessing = 0;
		};
/* End PBXFrameworksBuildPhase section */

/* Begin PBXGroup section */
		CE07586F29C5B656008216D3 /* Controllers */ = {
			isa = PBXGroup;
			children = (
				CE07587B29C5B734008216D3 /* Core */,
			);
			path = Controllers;
			sourceTree = "<group>";
		};
		CE07587029C5B676008216D3 /* Managers */ = {
			isa = PBXGroup;
			children = (
			);
			path = Managers;
			sourceTree = "<group>";
		};
		CE07587129C5B67E008216D3 /* APIClient */ = {
			isa = PBXGroup;
			children = (
				CE6A973329C5F8EE00E26187 /* RMService.swift */,
				CE6A973529C5F90200E26187 /* RMRequest.swift */,
				CE6A973729C5FA0800E26187 /* RMEndpoint.swift */,
			);
			path = APIClient;
			sourceTree = "<group>";
		};
		CE07587229C5B68B008216D3 /* Views */ = {
			isa = PBXGroup;
			children = (
			);
			path = Views;
			sourceTree = "<group>";
		};
		CE07587329C5B693008216D3 /* ViewModels */ = {
			isa = PBXGroup;
			children = (
			);
			path = ViewModels;
			sourceTree = "<group>";
		};
		CE07587429C5B69C008216D3 /* Models */ = {
			isa = PBXGroup;
			children = (
				CE07587529C5B6D3008216D3 /* RMLocation.swift */,
				CE07587729C5B6E0008216D3 /* RMCharacter.swift */,
				CE07587929C5B6E6008216D3 /* RMEpisode.swift */,
				CE6A973929C5FF3E00E26187 /* RMOrigin.swift */,
				CE6A973B29C5FFA300E26187 /* RMSingleLocation.swift */,
				CE6A973D29C6022200E26187 /* RMCharacterStatus.swift */,
				CE6A973F29C6025800E26187 /* RMCharacterGender.swift */,
			);
			path = Models;
			sourceTree = "<group>";
		};
		CE07587B29C5B734008216D3 /* Core */ = {
			isa = PBXGroup;
			children = (
				CE4ABBA829C5A851003E7BA8 /* RMTabViewController.swift */,
				CE07587C29C5B7AA008216D3 /* RMCharacterViewController.swift */,
				CE07587E29C5B7C1008216D3 /* RMEpisodeViewController.swift */,
				CE07588029C5B7E4008216D3 /* RMLocationViewController.swift */,
				CE07588229C5B80E008216D3 /* RMSettingsViewController.swift */,
			);
			path = Core;
			sourceTree = "<group>";
		};
		CE07588429C5D9EC008216D3 /* Extensions */ = {
			isa = PBXGroup;
			children = (
				CE07588529C5DA01008216D3 /* UIViewController+Utils.swift */,
			);
			path = Extensions;
			sourceTree = "<group>";
		};
		CE4ABB9829C5A851003E7BA8 = {
			isa = PBXGroup;
			children = (
				CE4ABBA329C5A851003E7BA8 /* Rick And Morty */,
				CE4ABBA229C5A851003E7BA8 /* Products */,
			);
			sourceTree = "<group>";
		};
		CE4ABBA229C5A851003E7BA8 /* Products */ = {
			isa = PBXGroup;
			children = (
				CE4ABBA129C5A851003E7BA8 /* Rick And Morty.app */,
			);
			name = Products;
			sourceTree = "<group>";
		};
		CE4ABBA329C5A851003E7BA8 /* Rick And Morty */ = {
			isa = PBXGroup;
			children = (
				CE07588429C5D9EC008216D3 /* Extensions */,
				CE07587429C5B69C008216D3 /* Models */,
				CE07587329C5B693008216D3 /* ViewModels */,
				CE07587229C5B68B008216D3 /* Views */,
				CE07587129C5B67E008216D3 /* APIClient */,
				CE07587029C5B676008216D3 /* Managers */,
				CE07586F29C5B656008216D3 /* Controllers */,
				CE4ABBB829C5A86B003E7BA8 /* Resources */,
			);
			path = "Rick And Morty";
			sourceTree = "<group>";
		};
		CE4ABBB829C5A86B003E7BA8 /* Resources */ = {
			isa = PBXGroup;
			children = (
				CE4ABBAD29C5A852003E7BA8 /* Assets.xcassets */,
				CE4ABBAF29C5A852003E7BA8 /* LaunchScreen.storyboard */,
				CE4ABBB229C5A852003E7BA8 /* Info.plist */,
				CE4ABBA429C5A851003E7BA8 /* AppDelegate.swift */,
				CE4ABBA629C5A851003E7BA8 /* SceneDelegate.swift */,
			);
			name = Resources;
			sourceTree = "<group>";
		};
/* End PBXGroup section */

/* Begin PBXNativeTarget section */
		CE4ABBA029C5A851003E7BA8 /* Rick And Morty */ = {
			isa = PBXNativeTarget;
			buildConfigurationList = CE4ABBB529C5A852003E7BA8 /* Build configuration list for PBXNativeTarget "Rick And Morty" */;
			buildPhases = (
				CE4ABB9D29C5A851003E7BA8 /* Sources */,
				CE4ABB9E29C5A851003E7BA8 /* Frameworks */,
				CE4ABB9F29C5A851003E7BA8 /* Resources */,
			);
			buildRules = (
			);
			dependencies = (
			);
			name = "Rick And Morty";
			productName = "Rick And Morty";
			productReference = CE4ABBA129C5A851003E7BA8 /* Rick And Morty.app */;
			productType = "com.apple.product-type.application";
		};
/* End PBXNativeTarget section */

/* Begin PBXProject section */
		CE4ABB9929C5A851003E7BA8 /* Project object */ = {
			isa = PBXProject;
			attributes = {
				BuildIndependentTargetsInParallel = 1;
				LastSwiftUpdateCheck = 1420;
				LastUpgradeCheck = 1420;
				TargetAttributes = {
					CE4ABBA029C5A851003E7BA8 = {
						CreatedOnToolsVersion = 14.2;
					};
				};
			};
			buildConfigurationList = CE4ABB9C29C5A851003E7BA8 /* Build configuration list for PBXProject "Rick And Morty" */;
			compatibilityVersion = "Xcode 14.0";
			developmentRegion = en;
			hasScannedForEncodings = 0;
			knownRegions = (
				en,
				Base,
			);
			mainGroup = CE4ABB9829C5A851003E7BA8;
			productRefGroup = CE4ABBA229C5A851003E7BA8 /* Products */;
			projectDirPath = "";
			projectRoot = "";
			targets = (
				CE4ABBA029C5A851003E7BA8 /* Rick And Morty */,
			);
		};
/* End PBXProject section */

/* Begin PBXResourcesBuildPhase section */
		CE4ABB9F29C5A851003E7BA8 /* Resources */ = {
			isa = PBXResourcesBuildPhase;
			buildActionMask = 2147483647;
			files = (
				CE4ABBB129C5A852003E7BA8 /* LaunchScreen.storyboard in Resources */,
				CE4ABBAE29C5A852003E7BA8 /* Assets.xcassets in Resources */,
			);
			runOnlyForDeploymentPostprocessing = 0;
		};
/* End PBXResourcesBuildPhase section */

/* Begin PBXSourcesBuildPhase section */
		CE4ABB9D29C5A851003E7BA8 /* Sources */ = {
			isa = PBXSourcesBuildPhase;
			buildActionMask = 2147483647;
			files = (
				CE07588129C5B7E4008216D3 /* RMLocationViewController.swift in Sources */,
				CE07587A29C5B6E6008216D3 /* RMEpisode.swift in Sources */,
				CE6A973429C5F8EE00E26187 /* RMService.swift in Sources */,
				CE4ABBA929C5A851003E7BA8 /* RMTabViewController.swift in Sources */,
				CE4ABBA529C5A851003E7BA8 /* AppDelegate.swift in Sources */,
				CE6A973829C5FA0800E26187 /* RMEndpoint.swift in Sources */,
				CE4ABBA729C5A851003E7BA8 /* SceneDelegate.swift in Sources */,
				CE6A973629C5F90200E26187 /* RMRequest.swift in Sources */,
				CE07587629C5B6D3008216D3 /* RMLocation.swift in Sources */,
				CE6A973E29C6022200E26187 /* RMCharacterStatus.swift in Sources */,
				CE07588629C5DA01008216D3 /* UIViewController+Utils.swift in Sources */,
				CE6A974029C6025800E26187 /* RMCharacterGender.swift in Sources */,
				CE07588329C5B80E008216D3 /* RMSettingsViewController.swift in Sources */,
				CE6A973C29C5FFA300E26187 /* RMSingleLocation.swift in Sources */,
				CE07587829C5B6E0008216D3 /* RMCharacter.swift in Sources */,
				CE07587D29C5B7AA008216D3 /* RMCharacterViewController.swift in Sources */,
				CE6A973A29C5FF3E00E26187 /* RMOrigin.swift in Sources */,
				CE07587F29C5B7C1008216D3 /* RMEpisodeViewController.swift in Sources */,
			);
			runOnlyForDeploymentPostprocessing = 0;
		};
/* End PBXSourcesBuildPhase section */

/* Begin PBXVariantGroup section */
		CE4ABBAF29C5A852003E7BA8 /* LaunchScreen.storyboard */ = {
			isa = PBXVariantGroup;
			children = (
				CE4ABBB029C5A852003E7BA8 /* Base */,
			);
			name = LaunchScreen.storyboard;
			sourceTree = "<group>";
		};
/* End PBXVariantGroup section */

/* Begin XCBuildConfiguration section */
		CE4ABBB329C5A852003E7BA8 /* Debug */ = {
			isa = XCBuildConfiguration;
			buildSettings = {
				ALWAYS_SEARCH_USER_PATHS = NO;
				CLANG_ANALYZER_NONNULL = YES;
				CLANG_ANALYZER_NUMBER_OBJECT_CONVERSION = YES_AGGRESSIVE;
				CLANG_CXX_LANGUAGE_STANDARD = "gnu++20";
				CLANG_ENABLE_MODULES = YES;
				CLANG_ENABLE_OBJC_ARC = YES;
				CLANG_ENABLE_OBJC_WEAK = YES;
				CLANG_WARN_BLOCK_CAPTURE_AUTORELEASING = YES;
				CLANG_WARN_BOOL_CONVERSION = YES;
				CLANG_WARN_COMMA = YES;
				CLANG_WARN_CONSTANT_CONVERSION = YES;
				CLANG_WARN_DEPRECATED_OBJC_IMPLEMENTATIONS = YES;
				CLANG_WARN_DIRECT_OBJC_ISA_USAGE = YES_ERROR;
				CLANG_WARN_DOCUMENTATION_COMMENTS = YES;
				CLANG_WARN_EMPTY_BODY = YES;
				CLANG_WARN_ENUM_CONVERSION = YES;
				CLANG_WARN_INFINITE_RECURSION = YES;
				CLANG_WARN_INT_CONVERSION = YES;
				CLANG_WARN_NON_LITERAL_NULL_CONVERSION = YES;
				CLANG_WARN_OBJC_IMPLICIT_RETAIN_SELF = YES;
				CLANG_WARN_OBJC_LITERAL_CONVERSION = YES;
				CLANG_WARN_OBJC_ROOT_CLASS = YES_ERROR;
				CLANG_WARN_QUOTED_INCLUDE_IN_FRAMEWORK_HEADER = YES;
				CLANG_WARN_RANGE_LOOP_ANALYSIS = YES;
				CLANG_WARN_STRICT_PROTOTYPES = YES;
				CLANG_WARN_SUSPICIOUS_MOVE = YES;
				CLANG_WARN_UNGUARDED_AVAILABILITY = YES_AGGRESSIVE;
				CLANG_WARN_UNREACHABLE_CODE = YES;
				CLANG_WARN__DUPLICATE_METHOD_MATCH = YES;
				COPY_PHASE_STRIP = NO;
				DEBUG_INFORMATION_FORMAT = dwarf;
				ENABLE_STRICT_OBJC_MSGSEND = YES;
				ENABLE_TESTABILITY = YES;
				GCC_C_LANGUAGE_STANDARD = gnu11;
				GCC_DYNAMIC_NO_PIC = NO;
				GCC_NO_COMMON_BLOCKS = YES;
				GCC_OPTIMIZATION_LEVEL = 0;
				GCC_PREPROCESSOR_DEFINITIONS = (
					"DEBUG=1",
					"$(inherited)",
				);
				GCC_WARN_64_TO_32_BIT_CONVERSION = YES;
				GCC_WARN_ABOUT_RETURN_TYPE = YES_ERROR;
				GCC_WARN_UNDECLARED_SELECTOR = YES;
				GCC_WARN_UNINITIALIZED_AUTOS = YES_AGGRESSIVE;
				GCC_WARN_UNUSED_FUNCTION = YES;
				GCC_WARN_UNUSED_VARIABLE = YES;
				IPHONEOS_DEPLOYMENT_TARGET = 16.2;
				MTL_ENABLE_DEBUG_INFO = INCLUDE_SOURCE;
				MTL_FAST_MATH = YES;
				ONLY_ACTIVE_ARCH = YES;
				SDKROOT = iphoneos;
				SWIFT_ACTIVE_COMPILATION_CONDITIONS = DEBUG;
				SWIFT_OPTIMIZATION_LEVEL = "-Onone";
			};
			name = Debug;
		};
		CE4ABBB429C5A852003E7BA8 /* Release */ = {
			isa = XCBuildConfiguration;
			buildSettings = {
				ALWAYS_SEARCH_USER_PATHS = NO;
				CLANG_ANALYZER_NONNULL = YES;
				CLANG_ANALYZER_NUMBER_OBJECT_CONVERSION = YES_AGGRESSIVE;
				CLANG_CXX_LANGUAGE_STANDARD = "gnu++20";
				CLANG_ENABLE_MODULES = YES;
				CLANG_ENABLE_OBJC_ARC = YES;
				CLANG_ENABLE_OBJC_WEAK = YES;
				CLANG_WARN_BLOCK_CAPTURE_AUTORELEASING = YES;
				CLANG_WARN_BOOL_CONVERSION = YES;
				CLANG_WARN_COMMA = YES;
				CLANG_WARN_CONSTANT_CONVERSION = YES;
				CLANG_WARN_DEPRECATED_OBJC_IMPLEMENTATIONS = YES;
				CLANG_WARN_DIRECT_OBJC_ISA_USAGE = YES_ERROR;
				CLANG_WARN_DOCUMENTATION_COMMENTS = YES;
				CLANG_WARN_EMPTY_BODY = YES;
				CLANG_WARN_ENUM_CONVERSION = YES;
				CLANG_WARN_INFINITE_RECURSION = YES;
				CLANG_WARN_INT_CONVERSION = YES;
				CLANG_WARN_NON_LITERAL_NULL_CONVERSION = YES;
				CLANG_WARN_OBJC_IMPLICIT_RETAIN_SELF = YES;
				CLANG_WARN_OBJC_LITERAL_CONVERSION = YES;
				CLANG_WARN_OBJC_ROOT_CLASS = YES_ERROR;
				CLANG_WARN_QUOTED_INCLUDE_IN_FRAMEWORK_HEADER = YES;
				CLANG_WARN_RANGE_LOOP_ANALYSIS = YES;
				CLANG_WARN_STRICT_PROTOTYPES = YES;
				CLANG_WARN_SUSPICIOUS_MOVE = YES;
				CLANG_WARN_UNGUARDED_AVAILABILITY = YES_AGGRESSIVE;
				CLANG_WARN_UNREACHABLE_CODE = YES;
				CLANG_WARN__DUPLICATE_METHOD_MATCH = YES;
				COPY_PHASE_STRIP = NO;
				DEBUG_INFORMATION_FORMAT = "dwarf-with-dsym";
				ENABLE_NS_ASSERTIONS = NO;
				ENABLE_STRICT_OBJC_MSGSEND = YES;
				GCC_C_LANGUAGE_STANDARD = gnu11;
				GCC_NO_COMMON_BLOCKS = YES;
				GCC_WARN_64_TO_32_BIT_CONVERSION = YES;
				GCC_WARN_ABOUT_RETURN_TYPE = YES_ERROR;
				GCC_WARN_UNDECLARED_SELECTOR = YES;
				GCC_WARN_UNINITIALIZED_AUTOS = YES_AGGRESSIVE;
				GCC_WARN_UNUSED_FUNCTION = YES;
				GCC_WARN_UNUSED_VARIABLE = YES;
				IPHONEOS_DEPLOYMENT_TARGET = 16.2;
				MTL_ENABLE_DEBUG_INFO = NO;
				MTL_FAST_MATH = YES;
				SDKROOT = iphoneos;
				SWIFT_COMPILATION_MODE = wholemodule;
				SWIFT_OPTIMIZATION_LEVEL = "-O";
				VALIDATE_PRODUCT = YES;
			};
			name = Release;
		};
		CE4ABBB629C5A852003E7BA8 /* Debug */ = {
			isa = XCBuildConfiguration;
			buildSettings = {
				ASSETCATALOG_COMPILER_APPICON_NAME = AppIcon;
				ASSETCATALOG_COMPILER_GLOBAL_ACCENT_COLOR_NAME = AccentColor;
				CODE_SIGN_STYLE = Automatic;
				CURRENT_PROJECT_VERSION = 1;
				DEVELOPMENT_TEAM = BQAGCV9J3L;
				GENERATE_INFOPLIST_FILE = YES;
				INFOPLIST_FILE = "Rick And Morty/Info.plist";
				INFOPLIST_KEY_UIApplicationSupportsIndirectInputEvents = YES;
				INFOPLIST_KEY_UILaunchStoryboardName = LaunchScreen;
				INFOPLIST_KEY_UISupportedInterfaceOrientations_iPad = "UIInterfaceOrientationPortrait UIInterfaceOrientationPortraitUpsideDown UIInterfaceOrientationLandscapeLeft UIInterfaceOrientationLandscapeRight";
				INFOPLIST_KEY_UISupportedInterfaceOrientations_iPhone = "UIInterfaceOrientationPortrait UIInterfaceOrientationLandscapeLeft UIInterfaceOrientationLandscapeRight";
				LD_RUNPATH_SEARCH_PATHS = (
					"$(inherited)",
					"@executable_path/Frameworks",
				);
				MARKETING_VERSION = 1.0;
				PRODUCT_BUNDLE_IDENTIFIER = "co.asone.rickmorty.Rick-And-Morty";
				PRODUCT_NAME = "$(TARGET_NAME)";
				SWIFT_EMIT_LOC_STRINGS = YES;
				SWIFT_VERSION = 5.0;
				TARGETED_DEVICE_FAMILY = "1,2";
			};
			name = Debug;
		};
		CE4ABBB729C5A852003E7BA8 /* Release */ = {
			isa = XCBuildConfiguration;
			buildSettings = {
				ASSETCATALOG_COMPILER_APPICON_NAME = AppIcon;
				ASSETCATALOG_COMPILER_GLOBAL_ACCENT_COLOR_NAME = AccentColor;
				CODE_SIGN_STYLE = Automatic;
				CURRENT_PROJECT_VERSION = 1;
				DEVELOPMENT_TEAM = BQAGCV9J3L;
				GENERATE_INFOPLIST_FILE = YES;
				INFOPLIST_FILE = "Rick And Morty/Info.plist";
				INFOPLIST_KEY_UIApplicationSupportsIndirectInputEvents = YES;
				INFOPLIST_KEY_UILaunchStoryboardName = LaunchScreen;
				INFOPLIST_KEY_UISupportedInterfaceOrientations_iPad = "UIInterfaceOrientationPortrait UIInterfaceOrientationPortraitUpsideDown UIInterfaceOrientationLandscapeLeft UIInterfaceOrientationLandscapeRight";
				INFOPLIST_KEY_UISupportedInterfaceOrientations_iPhone = "UIInterfaceOrientationPortrait UIInterfaceOrientationLandscapeLeft UIInterfaceOrientationLandscapeRight";
				LD_RUNPATH_SEARCH_PATHS = (
					"$(inherited)",
					"@executable_path/Frameworks",
				);
				MARKETING_VERSION = 1.0;
				PRODUCT_BUNDLE_IDENTIFIER = "co.asone.rickmorty.Rick-And-Morty";
				PRODUCT_NAME = "$(TARGET_NAME)";
				SWIFT_EMIT_LOC_STRINGS = YES;
				SWIFT_VERSION = 5.0;
				TARGETED_DEVICE_FAMILY = "1,2";
			};
			name = Release;
		};
/* End XCBuildConfiguration section */

/* Begin XCConfigurationList section */
		CE4ABB9C29C5A851003E7BA8 /* Build configuration list for PBXProject "Rick And Morty" */ = {
			isa = XCConfigurationList;
			buildConfigurations = (
				CE4ABBB329C5A852003E7BA8 /* Debug */,
				CE4ABBB429C5A852003E7BA8 /* Release */,
			);
			defaultConfigurationIsVisible = 0;
			defaultConfigurationName = Release;
		};
		CE4ABBB529C5A852003E7BA8 /* Build configuration list for PBXNativeTarget "Rick And Morty" */ = {
			isa = XCConfigurationList;
			buildConfigurations = (
				CE4ABBB629C5A852003E7BA8 /* Debug */,
				CE4ABBB729C5A852003E7BA8 /* Release */,
			);
			defaultConfigurationIsVisible = 0;
			defaultConfigurationName = Release;
		};
/* End XCConfigurationList section */
	};
	rootObject = CE4ABB9929C5A851003E7BA8 /* Project object */;
}
