// !$*UTF8*$!
{
	archiveVersion = 1;
	classes = {
	};
	objectVersion = 56;
	objects = {

/* Begin PBXBuildFile section */
		1A07E56129D079A1008B538E /* RMEpisodeDetailViewController.swift in Sources */ = {isa = PBXBuildFile; fileRef = 1A07E56029D079A1008B538E /* RMEpisodeDetailViewController.swift */; };
		1A1153EE29CD95FB00BDC36C /* RMCharacterPhotoCollectionViewCell.swift in Sources */ = {isa = PBXBuildFile; fileRef = 1A1153ED29CD95FB00BDC36C /* RMCharacterPhotoCollectionViewCell.swift */; };
		1A1153F029CD962500BDC36C /* RMCharacterInfoCollectionViewCell.swift in Sources */ = {isa = PBXBuildFile; fileRef = 1A1153EF29CD962500BDC36C /* RMCharacterInfoCollectionViewCell.swift */; };
		1A1153F229CD963000BDC36C /* RMCharacterEpisodeCollectionViewCell.swift in Sources */ = {isa = PBXBuildFile; fileRef = 1A1153F129CD963000BDC36C /* RMCharacterEpisodeCollectionViewCell.swift */; };
		1A1153F529CD967200BDC36C /* RMCharacterPhotoCollectionViewCellViewModel.swift in Sources */ = {isa = PBXBuildFile; fileRef = 1A1153F429CD967200BDC36C /* RMCharacterPhotoCollectionViewCellViewModel.swift */; };
		1A1153F729CD968800BDC36C /* RMCharacterInfoCollectionViewCellViewModel.swift in Sources */ = {isa = PBXBuildFile; fileRef = 1A1153F629CD968800BDC36C /* RMCharacterInfoCollectionViewCellViewModel.swift */; };
		1A1153F929CD969A00BDC36C /* RMCharacterEpisodeCollectionViewCellViewModel.swift in Sources */ = {isa = PBXBuildFile; fileRef = 1A1153F829CD969A00BDC36C /* RMCharacterEpisodeCollectionViewCellViewModel.swift */; };
		1A26440A29D19E1B001B00F8 /* RMAPICacheManager.swift in Sources */ = {isa = PBXBuildFile; fileRef = 1A26440929D19E1B001B00F8 /* RMAPICacheManager.swift */; };
		1A5A3B8429CC2D75004E9CBE /* ImageManager.swift in Sources */ = {isa = PBXBuildFile; fileRef = 1A5A3B8329CC2D75004E9CBE /* ImageManager.swift */; };
		1A72117529D59AE400AAB835 /* RMEpisodeDetailCollectionViewCell.swift in Sources */ = {isa = PBXBuildFile; fileRef = 1A72117429D59AE400AAB835 /* RMEpisodeDetailCollectionViewCell.swift */; };
		1A72117729D5A38400AAB835 /* RMEpisodeInfoCollectionViewCellViewModel.swift in Sources */ = {isa = PBXBuildFile; fileRef = 1A72117629D5A38400AAB835 /* RMEpisodeInfoCollectionViewCellViewModel.swift */; };
		1A8DD50829CB12BE00910061 /* RMFooterLoadingCollectionReusableView.swift in Sources */ = {isa = PBXBuildFile; fileRef = 1A8DD50729CB12BE00910061 /* RMFooterLoadingCollectionReusableView.swift */; };
		1AB0119229D55AF3001D3F6E /* RMGetAllEpisodesResponse.swift in Sources */ = {isa = PBXBuildFile; fileRef = 1AB0119129D55AF3001D3F6E /* RMGetAllEpisodesResponse.swift */; };
		1AB0119429D56B62001D3F6E /* RMSearchViewController.swift in Sources */ = {isa = PBXBuildFile; fileRef = 1AB0119329D56B62001D3F6E /* RMSearchViewController.swift */; };
		1AEFD2A629CED1320081FE99 /* Common.swift in Sources */ = {isa = PBXBuildFile; fileRef = 1AEFD2A529CED1320081FE99 /* Common.swift */; };
		CE07587629C5B6D3008216D3 /* RMLocation.swift in Sources */ = {isa = PBXBuildFile; fileRef = CE07587529C5B6D3008216D3 /* RMLocation.swift */; };
		CE07587829C5B6E0008216D3 /* RMCharacter.swift in Sources */ = {isa = PBXBuildFile; fileRef = CE07587729C5B6E0008216D3 /* RMCharacter.swift */; };
		CE07587A29C5B6E6008216D3 /* RMEpisode.swift in Sources */ = {isa = PBXBuildFile; fileRef = CE07587929C5B6E6008216D3 /* RMEpisode.swift */; };
		CE07587D29C5B7AA008216D3 /* RMCharacterViewController.swift in Sources */ = {isa = PBXBuildFile; fileRef = CE07587C29C5B7AA008216D3 /* RMCharacterViewController.swift */; };
		CE07587F29C5B7C1008216D3 /* RMEpisodeViewController.swift in Sources */ = {isa = PBXBuildFile; fileRef = CE07587E29C5B7C1008216D3 /* RMEpisodeViewController.swift */; };
		CE07588129C5B7E4008216D3 /* RMLocationViewController.swift in Sources */ = {isa = PBXBuildFile; fileRef = CE07588029C5B7E4008216D3 /* RMLocationViewController.swift */; };
		CE07588329C5B80E008216D3 /* RMSettingsViewController.swift in Sources */ = {isa = PBXBuildFile; fileRef = CE07588229C5B80E008216D3 /* RMSettingsViewController.swift */; };
		CE07588629C5DA01008216D3 /* UIViewController+Utils.swift in Sources */ = {isa = PBXBuildFile; fileRef = CE07588529C5DA01008216D3 /* UIViewController+Utils.swift */; };
		CE0EBE5A29DAC1E7007F98F9 /* RMLocationFooterLoadingTableReusableView.swift in Sources */ = {isa = PBXBuildFile; fileRef = CE0EBE5929DAC1E7007F98F9 /* RMLocationFooterLoadingTableReusableView.swift */; };
		CE0EBE5D29DB0075007F98F9 /* RMSearchView.swift in Sources */ = {isa = PBXBuildFile; fileRef = CE0EBE5C29DB0075007F98F9 /* RMSearchView.swift */; };
		CE0EBE6029DB00E5007F98F9 /* RMSearchViewViewModel.swift in Sources */ = {isa = PBXBuildFile; fileRef = CE0EBE5F29DB00E5007F98F9 /* RMSearchViewViewModel.swift */; };
		CE0EBE6229DB0302007F98F9 /* RMNoSearchResultView.swift in Sources */ = {isa = PBXBuildFile; fileRef = CE0EBE6129DB0302007F98F9 /* RMNoSearchResultView.swift */; };
		CE0EBE6429DB0347007F98F9 /* RMSearchInputView.swift in Sources */ = {isa = PBXBuildFile; fileRef = CE0EBE6329DB0347007F98F9 /* RMSearchInputView.swift */; };
		CE0EBE6629DB0356007F98F9 /* RMSearchInputViewViewModel.swift in Sources */ = {isa = PBXBuildFile; fileRef = CE0EBE6529DB0356007F98F9 /* RMSearchInputViewViewModel.swift */; };
		CE0EBE6829DB1F9C007F98F9 /* RMNoSearchResultViewViewModel.swift in Sources */ = {isa = PBXBuildFile; fileRef = CE0EBE6729DB1F9C007F98F9 /* RMNoSearchResultViewViewModel.swift */; };
		CE1B832F29C867F0004F7C51 /* RMCharacterListViewViewModel.swift in Sources */ = {isa = PBXBuildFile; fileRef = CE1B832E29C867F0004F7C51 /* RMCharacterListViewViewModel.swift */; };
		CE1B833129C86883004F7C51 /* RMCharacterListView.swift in Sources */ = {isa = PBXBuildFile; fileRef = CE1B833029C86883004F7C51 /* RMCharacterListView.swift */; };
		CE1B833429C89E24004F7C51 /* RMCharacterCollectionViewCell.swift in Sources */ = {isa = PBXBuildFile; fileRef = CE1B833329C89E24004F7C51 /* RMCharacterCollectionViewCell.swift */; };
		CE1B833629C8A5D1004F7C51 /* RMCharacterCollectionViewCellViewModel.swift in Sources */ = {isa = PBXBuildFile; fileRef = CE1B833529C8A5D1004F7C51 /* RMCharacterCollectionViewCellViewModel.swift */; };
		CE4ABBA529C5A851003E7BA8 /* AppDelegate.swift in Sources */ = {isa = PBXBuildFile; fileRef = CE4ABBA429C5A851003E7BA8 /* AppDelegate.swift */; };
		CE4ABBA729C5A851003E7BA8 /* SceneDelegate.swift in Sources */ = {isa = PBXBuildFile; fileRef = CE4ABBA629C5A851003E7BA8 /* SceneDelegate.swift */; };
		CE4ABBA929C5A851003E7BA8 /* RMTabViewController.swift in Sources */ = {isa = PBXBuildFile; fileRef = CE4ABBA829C5A851003E7BA8 /* RMTabViewController.swift */; };
		CE4ABBAE29C5A852003E7BA8 /* Assets.xcassets in Resources */ = {isa = PBXBuildFile; fileRef = CE4ABBAD29C5A852003E7BA8 /* Assets.xcassets */; };
		CE4ABBB129C5A852003E7BA8 /* LaunchScreen.storyboard in Resources */ = {isa = PBXBuildFile; fileRef = CE4ABBAF29C5A852003E7BA8 /* LaunchScreen.storyboard */; };
		CE6A973429C5F8EE00E26187 /* RMService.swift in Sources */ = {isa = PBXBuildFile; fileRef = CE6A973329C5F8EE00E26187 /* RMService.swift */; };
		CE6A973629C5F90200E26187 /* RMRequest.swift in Sources */ = {isa = PBXBuildFile; fileRef = CE6A973529C5F90200E26187 /* RMRequest.swift */; };
		CE6A973829C5FA0800E26187 /* RMEndpoint.swift in Sources */ = {isa = PBXBuildFile; fileRef = CE6A973729C5FA0800E26187 /* RMEndpoint.swift */; };
		CE6A973A29C5FF3E00E26187 /* RMOrigin.swift in Sources */ = {isa = PBXBuildFile; fileRef = CE6A973929C5FF3E00E26187 /* RMOrigin.swift */; };
		CE6A973C29C5FFA300E26187 /* RMSingleLocation.swift in Sources */ = {isa = PBXBuildFile; fileRef = CE6A973B29C5FFA300E26187 /* RMSingleLocation.swift */; };
		CE6A973E29C6022200E26187 /* RMCharacterStatus.swift in Sources */ = {isa = PBXBuildFile; fileRef = CE6A973D29C6022200E26187 /* RMCharacterStatus.swift */; };
		CE6A974029C6025800E26187 /* RMCharacterGender.swift in Sources */ = {isa = PBXBuildFile; fileRef = CE6A973F29C6025800E26187 /* RMCharacterGender.swift */; };
		CE6A974429C6463200E26187 /* RMGetAllCharactersResponse.swift in Sources */ = {isa = PBXBuildFile; fileRef = CE6A974329C6463200E26187 /* RMGetAllCharactersResponse.swift */; };
		CE6FF94529E0AD7700C74733 /* RMSearchResultsViewModel.swift in Sources */ = {isa = PBXBuildFile; fileRef = CE6FF94429E0AD7700C74733 /* RMSearchResultsViewModel.swift */; };
		CE886D1B29D71BA70022406B /* RMSettingsViewViewModel.swift in Sources */ = {isa = PBXBuildFile; fileRef = CE886D1A29D71BA70022406B /* RMSettingsViewViewModel.swift */; };
		CE886D1D29D71BF40022406B /* RMSettingsCellViewModel.swift in Sources */ = {isa = PBXBuildFile; fileRef = CE886D1C29D71BF40022406B /* RMSettingsCellViewModel.swift */; };
		CE886D1F29D71CC90022406B /* RMSettingsOption.swift in Sources */ = {isa = PBXBuildFile; fileRef = CE886D1E29D71CC90022406B /* RMSettingsOption.swift */; };
		CE886D2229D721A00022406B /* RMSettingsView.swift in Sources */ = {isa = PBXBuildFile; fileRef = CE886D2129D721A00022406B /* RMSettingsView.swift */; };
		CE886D2729D72F990022406B /* RMSettingsTableViewCell.swift in Sources */ = {isa = PBXBuildFile; fileRef = CE886D2629D72F990022406B /* RMSettingsTableViewCell.swift */; };
		CE9F95FC29D351F800D651C1 /* RMEpisodeDetailViewViewModel.swift in Sources */ = {isa = PBXBuildFile; fileRef = CE9F95FB29D351F800D651C1 /* RMEpisodeDetailViewViewModel.swift */; };
		CE9F95FF29D352C100D651C1 /* RMEpisodeDetailView.swift in Sources */ = {isa = PBXBuildFile; fileRef = CE9F95FE29D352C100D651C1 /* RMEpisodeDetailView.swift */; };
		CE9F960129D35A8B00D651C1 /* RMEpisodeListView.swift in Sources */ = {isa = PBXBuildFile; fileRef = CE9F960029D35A8B00D651C1 /* RMEpisodeListView.swift */; };
		CE9F960329D35ECD00D651C1 /* RMEpisodeListViewViewModel.swift in Sources */ = {isa = PBXBuildFile; fileRef = CE9F960229D35ECD00D651C1 /* RMEpisodeListViewViewModel.swift */; };
		CE9F960529D3603400D651C1 /* RMEpisodeCollectionViewCellViewModel.swift in Sources */ = {isa = PBXBuildFile; fileRef = CE9F960429D3603400D651C1 /* RMEpisodeCollectionViewCellViewModel.swift */; };
		CE9F960929D3626100D651C1 /* RMEpisodeCollectionViewCell.swift in Sources */ = {isa = PBXBuildFile; fileRef = CE9F960829D3626100D651C1 /* RMEpisodeCollectionViewCell.swift */; };
		CEC6AB4729D8256D00EA78D7 /* RMLocationView.swift in Sources */ = {isa = PBXBuildFile; fileRef = CEC6AB4629D8256D00EA78D7 /* RMLocationView.swift */; };
		CEC6AB4A29D82BE900EA78D7 /* RMLocationViewViewModel.swift in Sources */ = {isa = PBXBuildFile; fileRef = CEC6AB4929D82BE900EA78D7 /* RMLocationViewViewModel.swift */; };
		CEC6AB4C29D82EF300EA78D7 /* RMGetAllLocationsResponse.swift in Sources */ = {isa = PBXBuildFile; fileRef = CEC6AB4B29D82EF300EA78D7 /* RMGetAllLocationsResponse.swift */; };
		CEC6AB4E29D836F500EA78D7 /* RMLocationTableViewCell.swift in Sources */ = {isa = PBXBuildFile; fileRef = CEC6AB4D29D836F500EA78D7 /* RMLocationTableViewCell.swift */; };
		CEC6AB5029D8376300EA78D7 /* RMLocationTableViewCellViewModel.swift in Sources */ = {isa = PBXBuildFile; fileRef = CEC6AB4F29D8376300EA78D7 /* RMLocationTableViewCellViewModel.swift */; };
		CEC6AB5229D8966D00EA78D7 /* RMLocationDetailViewController.swift in Sources */ = {isa = PBXBuildFile; fileRef = CEC6AB5129D8966D00EA78D7 /* RMLocationDetailViewController.swift */; };
		CEC6AB5429D8B40300EA78D7 /* RMLocationDetailView.swift in Sources */ = {isa = PBXBuildFile; fileRef = CEC6AB5329D8B40300EA78D7 /* RMLocationDetailView.swift */; };
		CEC6AB5629D8B5A700EA78D7 /* RMLocationDetailViewViewModel.swift in Sources */ = {isa = PBXBuildFile; fileRef = CEC6AB5529D8B5A700EA78D7 /* RMLocationDetailViewViewModel.swift */; };
		CEC6AB5829D8B69E00EA78D7 /* RMLocationInfoCollectionViewCellViewModel.swift in Sources */ = {isa = PBXBuildFile; fileRef = CEC6AB5729D8B69E00EA78D7 /* RMLocationInfoCollectionViewCellViewModel.swift */; };
		CEE49C2329E177A100995009 /* RMSearchResultsView.swift in Sources */ = {isa = PBXBuildFile; fileRef = CEE49C2229E177A100995009 /* RMSearchResultsView.swift */; };
		CEE9935929DCA0FB0053C997 /* RMSearchOptionPickerViewController.swift in Sources */ = {isa = PBXBuildFile; fileRef = CEE9935829DCA0FB0053C997 /* RMSearchOptionPickerViewController.swift */; };
		CEEDEDDA29C98FDE002537C1 /* RMCharacterDetailViewController.swift in Sources */ = {isa = PBXBuildFile; fileRef = CEEDEDD929C98FDE002537C1 /* RMCharacterDetailViewController.swift */; };
		CEEDEDDC29C9934A002537C1 /* RMCharacterDetailView.swift in Sources */ = {isa = PBXBuildFile; fileRef = CEEDEDDB29C9934A002537C1 /* RMCharacterDetailView.swift */; };
		CEEDEDDE29C99361002537C1 /* RMCharacterDetailViewViewModel.swift in Sources */ = {isa = PBXBuildFile; fileRef = CEEDEDDD29C99361002537C1 /* RMCharacterDetailViewViewModel.swift */; };
/* End PBXBuildFile section */

/* Begin PBXFileReference section */
		1A07E56029D079A1008B538E /* RMEpisodeDetailViewController.swift */ = {isa = PBXFileReference; lastKnownFileType = sourcecode.swift; path = RMEpisodeDetailViewController.swift; sourceTree = "<group>"; };
		1A1153ED29CD95FB00BDC36C /* RMCharacterPhotoCollectionViewCell.swift */ = {isa = PBXFileReference; lastKnownFileType = sourcecode.swift; path = RMCharacterPhotoCollectionViewCell.swift; sourceTree = "<group>"; };
		1A1153EF29CD962500BDC36C /* RMCharacterInfoCollectionViewCell.swift */ = {isa = PBXFileReference; lastKnownFileType = sourcecode.swift; path = RMCharacterInfoCollectionViewCell.swift; sourceTree = "<group>"; };
		1A1153F129CD963000BDC36C /* RMCharacterEpisodeCollectionViewCell.swift */ = {isa = PBXFileReference; lastKnownFileType = sourcecode.swift; path = RMCharacterEpisodeCollectionViewCell.swift; sourceTree = "<group>"; };
		1A1153F429CD967200BDC36C /* RMCharacterPhotoCollectionViewCellViewModel.swift */ = {isa = PBXFileReference; lastKnownFileType = sourcecode.swift; path = RMCharacterPhotoCollectionViewCellViewModel.swift; sourceTree = "<group>"; };
		1A1153F629CD968800BDC36C /* RMCharacterInfoCollectionViewCellViewModel.swift */ = {isa = PBXFileReference; lastKnownFileType = sourcecode.swift; path = RMCharacterInfoCollectionViewCellViewModel.swift; sourceTree = "<group>"; };
		1A1153F829CD969A00BDC36C /* RMCharacterEpisodeCollectionViewCellViewModel.swift */ = {isa = PBXFileReference; lastKnownFileType = sourcecode.swift; path = RMCharacterEpisodeCollectionViewCellViewModel.swift; sourceTree = "<group>"; };
		1A26440929D19E1B001B00F8 /* RMAPICacheManager.swift */ = {isa = PBXFileReference; lastKnownFileType = sourcecode.swift; path = RMAPICacheManager.swift; sourceTree = "<group>"; };
		1A5A3B8329CC2D75004E9CBE /* ImageManager.swift */ = {isa = PBXFileReference; lastKnownFileType = sourcecode.swift; path = ImageManager.swift; sourceTree = "<group>"; };
		1A72117429D59AE400AAB835 /* RMEpisodeDetailCollectionViewCell.swift */ = {isa = PBXFileReference; lastKnownFileType = sourcecode.swift; path = RMEpisodeDetailCollectionViewCell.swift; sourceTree = "<group>"; };
		1A72117629D5A38400AAB835 /* RMEpisodeInfoCollectionViewCellViewModel.swift */ = {isa = PBXFileReference; lastKnownFileType = sourcecode.swift; path = RMEpisodeInfoCollectionViewCellViewModel.swift; sourceTree = "<group>"; };
		1A8DD50729CB12BE00910061 /* RMFooterLoadingCollectionReusableView.swift */ = {isa = PBXFileReference; lastKnownFileType = sourcecode.swift; path = RMFooterLoadingCollectionReusableView.swift; sourceTree = "<group>"; };
		1AB0119129D55AF3001D3F6E /* RMGetAllEpisodesResponse.swift */ = {isa = PBXFileReference; lastKnownFileType = sourcecode.swift; path = RMGetAllEpisodesResponse.swift; sourceTree = "<group>"; };
		1AB0119329D56B62001D3F6E /* RMSearchViewController.swift */ = {isa = PBXFileReference; lastKnownFileType = sourcecode.swift; path = RMSearchViewController.swift; sourceTree = "<group>"; };
		1AEFD2A529CED1320081FE99 /* Common.swift */ = {isa = PBXFileReference; lastKnownFileType = sourcecode.swift; path = Common.swift; sourceTree = "<group>"; };
		CE07587529C5B6D3008216D3 /* RMLocation.swift */ = {isa = PBXFileReference; lastKnownFileType = sourcecode.swift; path = RMLocation.swift; sourceTree = "<group>"; };
		CE07587729C5B6E0008216D3 /* RMCharacter.swift */ = {isa = PBXFileReference; lastKnownFileType = sourcecode.swift; path = RMCharacter.swift; sourceTree = "<group>"; };
		CE07587929C5B6E6008216D3 /* RMEpisode.swift */ = {isa = PBXFileReference; lastKnownFileType = sourcecode.swift; path = RMEpisode.swift; sourceTree = "<group>"; };
		CE07587C29C5B7AA008216D3 /* RMCharacterViewController.swift */ = {isa = PBXFileReference; lastKnownFileType = sourcecode.swift; path = RMCharacterViewController.swift; sourceTree = "<group>"; };
		CE07587E29C5B7C1008216D3 /* RMEpisodeViewController.swift */ = {isa = PBXFileReference; lastKnownFileType = sourcecode.swift; path = RMEpisodeViewController.swift; sourceTree = "<group>"; };
		CE07588029C5B7E4008216D3 /* RMLocationViewController.swift */ = {isa = PBXFileReference; lastKnownFileType = sourcecode.swift; path = RMLocationViewController.swift; sourceTree = "<group>"; };
		CE07588229C5B80E008216D3 /* RMSettingsViewController.swift */ = {isa = PBXFileReference; lastKnownFileType = sourcecode.swift; path = RMSettingsViewController.swift; sourceTree = "<group>"; };
		CE07588529C5DA01008216D3 /* UIViewController+Utils.swift */ = {isa = PBXFileReference; lastKnownFileType = sourcecode.swift; path = "UIViewController+Utils.swift"; sourceTree = "<group>"; };
		CE0EBE5929DAC1E7007F98F9 /* RMLocationFooterLoadingTableReusableView.swift */ = {isa = PBXFileReference; lastKnownFileType = sourcecode.swift; path = RMLocationFooterLoadingTableReusableView.swift; sourceTree = "<group>"; };
		CE0EBE5C29DB0075007F98F9 /* RMSearchView.swift */ = {isa = PBXFileReference; lastKnownFileType = sourcecode.swift; path = RMSearchView.swift; sourceTree = "<group>"; };
		CE0EBE5F29DB00E5007F98F9 /* RMSearchViewViewModel.swift */ = {isa = PBXFileReference; lastKnownFileType = sourcecode.swift; path = RMSearchViewViewModel.swift; sourceTree = "<group>"; };
		CE0EBE6129DB0302007F98F9 /* RMNoSearchResultView.swift */ = {isa = PBXFileReference; lastKnownFileType = sourcecode.swift; path = RMNoSearchResultView.swift; sourceTree = "<group>"; };
		CE0EBE6329DB0347007F98F9 /* RMSearchInputView.swift */ = {isa = PBXFileReference; lastKnownFileType = sourcecode.swift; path = RMSearchInputView.swift; sourceTree = "<group>"; };
		CE0EBE6529DB0356007F98F9 /* RMSearchInputViewViewModel.swift */ = {isa = PBXFileReference; lastKnownFileType = sourcecode.swift; path = RMSearchInputViewViewModel.swift; sourceTree = "<group>"; };
		CE0EBE6729DB1F9C007F98F9 /* RMNoSearchResultViewViewModel.swift */ = {isa = PBXFileReference; lastKnownFileType = sourcecode.swift; path = RMNoSearchResultViewViewModel.swift; sourceTree = "<group>"; };
		CE1B832E29C867F0004F7C51 /* RMCharacterListViewViewModel.swift */ = {isa = PBXFileReference; lastKnownFileType = sourcecode.swift; path = RMCharacterListViewViewModel.swift; sourceTree = "<group>"; };
		CE1B833029C86883004F7C51 /* RMCharacterListView.swift */ = {isa = PBXFileReference; lastKnownFileType = sourcecode.swift; path = RMCharacterListView.swift; sourceTree = "<group>"; };
		CE1B833329C89E24004F7C51 /* RMCharacterCollectionViewCell.swift */ = {isa = PBXFileReference; lastKnownFileType = sourcecode.swift; path = RMCharacterCollectionViewCell.swift; sourceTree = "<group>"; };
		CE1B833529C8A5D1004F7C51 /* RMCharacterCollectionViewCellViewModel.swift */ = {isa = PBXFileReference; lastKnownFileType = sourcecode.swift; path = RMCharacterCollectionViewCellViewModel.swift; sourceTree = "<group>"; };
		CE4ABBA129C5A851003E7BA8 /* Rick And Morty.app */ = {isa = PBXFileReference; explicitFileType = wrapper.application; includeInIndex = 0; path = "Rick And Morty.app"; sourceTree = BUILT_PRODUCTS_DIR; };
		CE4ABBA429C5A851003E7BA8 /* AppDelegate.swift */ = {isa = PBXFileReference; lastKnownFileType = sourcecode.swift; path = AppDelegate.swift; sourceTree = "<group>"; };
		CE4ABBA629C5A851003E7BA8 /* SceneDelegate.swift */ = {isa = PBXFileReference; lastKnownFileType = sourcecode.swift; path = SceneDelegate.swift; sourceTree = "<group>"; };
		CE4ABBA829C5A851003E7BA8 /* RMTabViewController.swift */ = {isa = PBXFileReference; lastKnownFileType = sourcecode.swift; path = RMTabViewController.swift; sourceTree = "<group>"; };
		CE4ABBAD29C5A852003E7BA8 /* Assets.xcassets */ = {isa = PBXFileReference; lastKnownFileType = folder.assetcatalog; path = Assets.xcassets; sourceTree = "<group>"; };
		CE4ABBB029C5A852003E7BA8 /* Base */ = {isa = PBXFileReference; lastKnownFileType = file.storyboard; name = Base; path = Base.lproj/LaunchScreen.storyboard; sourceTree = "<group>"; };
		CE4ABBB229C5A852003E7BA8 /* Info.plist */ = {isa = PBXFileReference; lastKnownFileType = text.plist.xml; path = Info.plist; sourceTree = "<group>"; };
		CE6A973329C5F8EE00E26187 /* RMService.swift */ = {isa = PBXFileReference; lastKnownFileType = sourcecode.swift; path = RMService.swift; sourceTree = "<group>"; };
		CE6A973529C5F90200E26187 /* RMRequest.swift */ = {isa = PBXFileReference; lastKnownFileType = sourcecode.swift; path = RMRequest.swift; sourceTree = "<group>"; };
		CE6A973729C5FA0800E26187 /* RMEndpoint.swift */ = {isa = PBXFileReference; lastKnownFileType = sourcecode.swift; path = RMEndpoint.swift; sourceTree = "<group>"; };
		CE6A973929C5FF3E00E26187 /* RMOrigin.swift */ = {isa = PBXFileReference; lastKnownFileType = sourcecode.swift; path = RMOrigin.swift; sourceTree = "<group>"; };
		CE6A973B29C5FFA300E26187 /* RMSingleLocation.swift */ = {isa = PBXFileReference; lastKnownFileType = sourcecode.swift; path = RMSingleLocation.swift; sourceTree = "<group>"; };
		CE6A973D29C6022200E26187 /* RMCharacterStatus.swift */ = {isa = PBXFileReference; lastKnownFileType = sourcecode.swift; path = RMCharacterStatus.swift; sourceTree = "<group>"; };
		CE6A973F29C6025800E26187 /* RMCharacterGender.swift */ = {isa = PBXFileReference; lastKnownFileType = sourcecode.swift; path = RMCharacterGender.swift; sourceTree = "<group>"; };
		CE6A974329C6463200E26187 /* RMGetAllCharactersResponse.swift */ = {isa = PBXFileReference; lastKnownFileType = sourcecode.swift; path = RMGetAllCharactersResponse.swift; sourceTree = "<group>"; };
		CE6FF94429E0AD7700C74733 /* RMSearchResultsViewModel.swift */ = {isa = PBXFileReference; lastKnownFileType = sourcecode.swift; path = RMSearchResultsViewModel.swift; sourceTree = "<group>"; };
		CE886D1A29D71BA70022406B /* RMSettingsViewViewModel.swift */ = {isa = PBXFileReference; lastKnownFileType = sourcecode.swift; path = RMSettingsViewViewModel.swift; sourceTree = "<group>"; };
		CE886D1C29D71BF40022406B /* RMSettingsCellViewModel.swift */ = {isa = PBXFileReference; lastKnownFileType = sourcecode.swift; path = RMSettingsCellViewModel.swift; sourceTree = "<group>"; };
		CE886D1E29D71CC90022406B /* RMSettingsOption.swift */ = {isa = PBXFileReference; lastKnownFileType = sourcecode.swift; path = RMSettingsOption.swift; sourceTree = "<group>"; };
		CE886D2129D721A00022406B /* RMSettingsView.swift */ = {isa = PBXFileReference; lastKnownFileType = sourcecode.swift; path = RMSettingsView.swift; sourceTree = "<group>"; };
		CE886D2629D72F990022406B /* RMSettingsTableViewCell.swift */ = {isa = PBXFileReference; lastKnownFileType = sourcecode.swift; path = RMSettingsTableViewCell.swift; sourceTree = "<group>"; };
		CE9F95FB29D351F800D651C1 /* RMEpisodeDetailViewViewModel.swift */ = {isa = PBXFileReference; lastKnownFileType = sourcecode.swift; path = RMEpisodeDetailViewViewModel.swift; sourceTree = "<group>"; };
		CE9F95FE29D352C100D651C1 /* RMEpisodeDetailView.swift */ = {isa = PBXFileReference; lastKnownFileType = sourcecode.swift; path = RMEpisodeDetailView.swift; sourceTree = "<group>"; };
		CE9F960029D35A8B00D651C1 /* RMEpisodeListView.swift */ = {isa = PBXFileReference; lastKnownFileType = sourcecode.swift; path = RMEpisodeListView.swift; sourceTree = "<group>"; };
		CE9F960229D35ECD00D651C1 /* RMEpisodeListViewViewModel.swift */ = {isa = PBXFileReference; lastKnownFileType = sourcecode.swift; path = RMEpisodeListViewViewModel.swift; sourceTree = "<group>"; };
		CE9F960429D3603400D651C1 /* RMEpisodeCollectionViewCellViewModel.swift */ = {isa = PBXFileReference; lastKnownFileType = sourcecode.swift; path = RMEpisodeCollectionViewCellViewModel.swift; sourceTree = "<group>"; };
		CE9F960829D3626100D651C1 /* RMEpisodeCollectionViewCell.swift */ = {isa = PBXFileReference; lastKnownFileType = sourcecode.swift; path = RMEpisodeCollectionViewCell.swift; sourceTree = "<group>"; };
		CEC6AB4629D8256D00EA78D7 /* RMLocationView.swift */ = {isa = PBXFileReference; lastKnownFileType = sourcecode.swift; path = RMLocationView.swift; sourceTree = "<group>"; };
		CEC6AB4929D82BE900EA78D7 /* RMLocationViewViewModel.swift */ = {isa = PBXFileReference; lastKnownFileType = sourcecode.swift; path = RMLocationViewViewModel.swift; sourceTree = "<group>"; };
		CEC6AB4B29D82EF300EA78D7 /* RMGetAllLocationsResponse.swift */ = {isa = PBXFileReference; lastKnownFileType = sourcecode.swift; path = RMGetAllLocationsResponse.swift; sourceTree = "<group>"; };
		CEC6AB4D29D836F500EA78D7 /* RMLocationTableViewCell.swift */ = {isa = PBXFileReference; lastKnownFileType = sourcecode.swift; path = RMLocationTableViewCell.swift; sourceTree = "<group>"; };
		CEC6AB4F29D8376300EA78D7 /* RMLocationTableViewCellViewModel.swift */ = {isa = PBXFileReference; lastKnownFileType = sourcecode.swift; path = RMLocationTableViewCellViewModel.swift; sourceTree = "<group>"; };
		CEC6AB5129D8966D00EA78D7 /* RMLocationDetailViewController.swift */ = {isa = PBXFileReference; lastKnownFileType = sourcecode.swift; path = RMLocationDetailViewController.swift; sourceTree = "<group>"; };
		CEC6AB5329D8B40300EA78D7 /* RMLocationDetailView.swift */ = {isa = PBXFileReference; lastKnownFileType = sourcecode.swift; path = RMLocationDetailView.swift; sourceTree = "<group>"; };
		CEC6AB5529D8B5A700EA78D7 /* RMLocationDetailViewViewModel.swift */ = {isa = PBXFileReference; lastKnownFileType = sourcecode.swift; path = RMLocationDetailViewViewModel.swift; sourceTree = "<group>"; };
		CEC6AB5729D8B69E00EA78D7 /* RMLocationInfoCollectionViewCellViewModel.swift */ = {isa = PBXFileReference; lastKnownFileType = sourcecode.swift; path = RMLocationInfoCollectionViewCellViewModel.swift; sourceTree = "<group>"; };
		CEE49C2229E177A100995009 /* RMSearchResultsView.swift */ = {isa = PBXFileReference; lastKnownFileType = sourcecode.swift; path = RMSearchResultsView.swift; sourceTree = "<group>"; };
		CEE9935829DCA0FB0053C997 /* RMSearchOptionPickerViewController.swift */ = {isa = PBXFileReference; lastKnownFileType = sourcecode.swift; path = RMSearchOptionPickerViewController.swift; sourceTree = "<group>"; };
		CEEDEDD929C98FDE002537C1 /* RMCharacterDetailViewController.swift */ = {isa = PBXFileReference; lastKnownFileType = sourcecode.swift; path = RMCharacterDetailViewController.swift; sourceTree = "<group>"; };
		CEEDEDDB29C9934A002537C1 /* RMCharacterDetailView.swift */ = {isa = PBXFileReference; lastKnownFileType = sourcecode.swift; path = RMCharacterDetailView.swift; sourceTree = "<group>"; };
		CEEDEDDD29C99361002537C1 /* RMCharacterDetailViewViewModel.swift */ = {isa = PBXFileReference; lastKnownFileType = sourcecode.swift; path = RMCharacterDetailViewViewModel.swift; sourceTree = "<group>"; };
/* End PBXFileReference section */

/* Begin PBXFrameworksBuildPhase section */
		CE4ABB9E29C5A851003E7BA8 /* Frameworks */ = {
			isa = PBXFrameworksBuildPhase;
			buildActionMask = 2147483647;
			files = (
			);
			runOnlyForDeploymentPostprocessing = 0;
		};
/* End PBXFrameworksBuildPhase section */

/* Begin PBXGroup section */
		1A1153EB29CD958900BDC36C /* Character */ = {
			isa = PBXGroup;
			children = (
				CE1B833029C86883004F7C51 /* RMCharacterListView.swift */,
			);
			path = Character;
			sourceTree = "<group>";
		};
		1A1153EC29CD95B400BDC36C /* CharacterDetail */ = {
			isa = PBXGroup;
			children = (
				CEEDEDDB29C9934A002537C1 /* RMCharacterDetailView.swift */,
				1A1153ED29CD95FB00BDC36C /* RMCharacterPhotoCollectionViewCell.swift */,
				1A1153EF29CD962500BDC36C /* RMCharacterInfoCollectionViewCell.swift */,
				1A1153F129CD963000BDC36C /* RMCharacterEpisodeCollectionViewCell.swift */,
			);
			path = CharacterDetail;
			sourceTree = "<group>";
		};
		1A1153F329CD964B00BDC36C /* CharacterDetail */ = {
			isa = PBXGroup;
			children = (
				CEEDEDDD29C99361002537C1 /* RMCharacterDetailViewViewModel.swift */,
				1A1153F429CD967200BDC36C /* RMCharacterPhotoCollectionViewCellViewModel.swift */,
				1A1153F629CD968800BDC36C /* RMCharacterInfoCollectionViewCellViewModel.swift */,
				1A1153F829CD969A00BDC36C /* RMCharacterEpisodeCollectionViewCellViewModel.swift */,
			);
			path = CharacterDetail;
			sourceTree = "<group>";
		};
		1A8DD50629CB120B00910061 /* Managers */ = {
			isa = PBXGroup;
			children = (
				1A5A3B8329CC2D75004E9CBE /* ImageManager.swift */,
				1A26440929D19E1B001B00F8 /* RMAPICacheManager.swift */,
			);
			path = Managers;
			sourceTree = "<group>";
		};
		CE07586F29C5B656008216D3 /* Controllers */ = {
			isa = PBXGroup;
			children = (
				CEEDEDD829C98FC9002537C1 /* Other */,
				CE07587B29C5B734008216D3 /* Core */,
			);
			path = Controllers;
			sourceTree = "<group>";
		};
		CE07587129C5B67E008216D3 /* APIClient */ = {
			isa = PBXGroup;
			children = (
				CE6A973329C5F8EE00E26187 /* RMService.swift */,
				CE6A973529C5F90200E26187 /* RMRequest.swift */,
				CE6A973729C5FA0800E26187 /* RMEndpoint.swift */,
			);
			path = APIClient;
			sourceTree = "<group>";
		};
		CE07587229C5B68B008216D3 /* Views */ = {
			isa = PBXGroup;
			children = (
				CE0EBE5B29DB0069007F98F9 /* Search */,
				CEC6AB4529D8255900EA78D7 /* Location */,
				CE886D2029D721960022406B /* Settings */,
				CE9F95FD29D352A600D651C1 /* Episode */,
				1A1153EC29CD95B400BDC36C /* CharacterDetail */,
				CE1B833229C89E0B004F7C51 /* Cells */,
				1A1153EB29CD958900BDC36C /* Character */,
			);
			path = Views;
			sourceTree = "<group>";
		};
		CE07587329C5B693008216D3 /* ViewModels */ = {
			isa = PBXGroup;
			children = (
				CE0EBE5E29DB00DE007F98F9 /* Search */,
				CEC6AB4829D82BD700EA78D7 /* Location */,
				CE886D1929D71B9D0022406B /* Settings */,
				CE9F95FA29D351DF00D651C1 /* EpisodeDetail */,
				1A1153F329CD964B00BDC36C /* CharacterDetail */,
				CE1B832E29C867F0004F7C51 /* RMCharacterListViewViewModel.swift */,
				CE1B833529C8A5D1004F7C51 /* RMCharacterCollectionViewCellViewModel.swift */,
				CE9F960429D3603400D651C1 /* RMEpisodeCollectionViewCellViewModel.swift */,
			);
			path = ViewModels;
			sourceTree = "<group>";
		};
		CE07587429C5B69C008216D3 /* Models */ = {
			isa = PBXGroup;
			children = (
				CE6A974229C6461B00E26187 /* APIResponseTypes */,
				CE6A974129C6460700E26187 /* DataTypes */,
				CE9F960229D35ECD00D651C1 /* RMEpisodeListViewViewModel.swift */,
			);
			path = Models;
			sourceTree = "<group>";
		};
		CE07587B29C5B734008216D3 /* Core */ = {
			isa = PBXGroup;
			children = (
				CE4ABBA829C5A851003E7BA8 /* RMTabViewController.swift */,
				CE07587C29C5B7AA008216D3 /* RMCharacterViewController.swift */,
				CE07587E29C5B7C1008216D3 /* RMEpisodeViewController.swift */,
				CE07588029C5B7E4008216D3 /* RMLocationViewController.swift */,
				CE07588229C5B80E008216D3 /* RMSettingsViewController.swift */,
			);
			path = Core;
			sourceTree = "<group>";
		};
		CE07588429C5D9EC008216D3 /* Extensions */ = {
			isa = PBXGroup;
			children = (
				CE07588529C5DA01008216D3 /* UIViewController+Utils.swift */,
				1AEFD2A529CED1320081FE99 /* Common.swift */,
			);
			path = Extensions;
			sourceTree = "<group>";
		};
		CE0EBE5B29DB0069007F98F9 /* Search */ = {
			isa = PBXGroup;
			children = (
				CE0EBE5C29DB0075007F98F9 /* RMSearchView.swift */,
				CE0EBE6129DB0302007F98F9 /* RMNoSearchResultView.swift */,
				CE0EBE6329DB0347007F98F9 /* RMSearchInputView.swift */,
				CEE49C2229E177A100995009 /* RMSearchResultsView.swift */,
			);
			path = Search;
			sourceTree = "<group>";
		};
		CE0EBE5E29DB00DE007F98F9 /* Search */ = {
			isa = PBXGroup;
			children = (
				CE0EBE5F29DB00E5007F98F9 /* RMSearchViewViewModel.swift */,
				CE0EBE6529DB0356007F98F9 /* RMSearchInputViewViewModel.swift */,
				CE0EBE6729DB1F9C007F98F9 /* RMNoSearchResultViewViewModel.swift */,
				CE6FF94429E0AD7700C74733 /* RMSearchResultsViewModel.swift */,
			);
			path = Search;
			sourceTree = "<group>";
		};
		CE1B833229C89E0B004F7C51 /* Cells */ = {
			isa = PBXGroup;
			children = (
				CE1B833329C89E24004F7C51 /* RMCharacterCollectionViewCell.swift */,
				CE9F960829D3626100D651C1 /* RMEpisodeCollectionViewCell.swift */,
				1A72117429D59AE400AAB835 /* RMEpisodeDetailCollectionViewCell.swift */,
				CE886D2629D72F990022406B /* RMSettingsTableViewCell.swift */,
				CEC6AB4D29D836F500EA78D7 /* RMLocationTableViewCell.swift */,
			);
			path = Cells;
			sourceTree = "<group>";
		};
		CE4ABB9829C5A851003E7BA8 = {
			isa = PBXGroup;
			children = (
				CE4ABBA329C5A851003E7BA8 /* Rick And Morty */,
				CE4ABBA229C5A851003E7BA8 /* Products */,
			);
			sourceTree = "<group>";
		};
		CE4ABBA229C5A851003E7BA8 /* Products */ = {
			isa = PBXGroup;
			children = (
				CE4ABBA129C5A851003E7BA8 /* Rick And Morty.app */,
			);
			name = Products;
			sourceTree = "<group>";
		};
		CE4ABBA329C5A851003E7BA8 /* Rick And Morty */ = {
			isa = PBXGroup;
			children = (
				1A8DD50629CB120B00910061 /* Managers */,
				CE07588429C5D9EC008216D3 /* Extensions */,
				CE07587429C5B69C008216D3 /* Models */,
				CE07587329C5B693008216D3 /* ViewModels */,
				CE07587229C5B68B008216D3 /* Views */,
				1A8DD50729CB12BE00910061 /* RMFooterLoadingCollectionReusableView.swift */,
				CE07587129C5B67E008216D3 /* APIClient */,
				CE07586F29C5B656008216D3 /* Controllers */,
				CE4ABBB829C5A86B003E7BA8 /* Resources */,
			);
			path = "Rick And Morty";
			sourceTree = "<group>";
		};
		CE4ABBB829C5A86B003E7BA8 /* Resources */ = {
			isa = PBXGroup;
			children = (
				CE4ABBAD29C5A852003E7BA8 /* Assets.xcassets */,
				CE4ABBAF29C5A852003E7BA8 /* LaunchScreen.storyboard */,
				CE4ABBB229C5A852003E7BA8 /* Info.plist */,
				CE4ABBA429C5A851003E7BA8 /* AppDelegate.swift */,
				CE4ABBA629C5A851003E7BA8 /* SceneDelegate.swift */,
			);
			name = Resources;
			sourceTree = "<group>";
		};
		CE6A974129C6460700E26187 /* DataTypes */ = {
			isa = PBXGroup;
			children = (
				CE07587529C5B6D3008216D3 /* RMLocation.swift */,
				CE07587729C5B6E0008216D3 /* RMCharacter.swift */,
				CE07587929C5B6E6008216D3 /* RMEpisode.swift */,
				CE6A973929C5FF3E00E26187 /* RMOrigin.swift */,
				CE6A973B29C5FFA300E26187 /* RMSingleLocation.swift */,
				CE6A973D29C6022200E26187 /* RMCharacterStatus.swift */,
				CE6A973F29C6025800E26187 /* RMCharacterGender.swift */,
				1A72117629D5A38400AAB835 /* RMEpisodeInfoCollectionViewCellViewModel.swift */,
				CEC6AB5729D8B69E00EA78D7 /* RMLocationInfoCollectionViewCellViewModel.swift */,
			);
			path = DataTypes;
			sourceTree = "<group>";
		};
		CE6A974229C6461B00E26187 /* APIResponseTypes */ = {
			isa = PBXGroup;
			children = (
				CE6A974329C6463200E26187 /* RMGetAllCharactersResponse.swift */,
				1AB0119129D55AF3001D3F6E /* RMGetAllEpisodesResponse.swift */,
				CEC6AB4B29D82EF300EA78D7 /* RMGetAllLocationsResponse.swift */,
			);
			path = APIResponseTypes;
			sourceTree = "<group>";
		};
		CE886D1929D71B9D0022406B /* Settings */ = {
			isa = PBXGroup;
			children = (
				CE886D1A29D71BA70022406B /* RMSettingsViewViewModel.swift */,
				CE886D1C29D71BF40022406B /* RMSettingsCellViewModel.swift */,
				CE886D1E29D71CC90022406B /* RMSettingsOption.swift */,
			);
			path = Settings;
			sourceTree = "<group>";
		};
		CE886D2029D721960022406B /* Settings */ = {
			isa = PBXGroup;
			children = (
				CE886D2129D721A00022406B /* RMSettingsView.swift */,
			);
			path = Settings;
			sourceTree = "<group>";
		};
		CE9F95FA29D351DF00D651C1 /* EpisodeDetail */ = {
			isa = PBXGroup;
			children = (
				CE9F95FB29D351F800D651C1 /* RMEpisodeDetailViewViewModel.swift */,
			);
			path = EpisodeDetail;
			sourceTree = "<group>";
		};
		CE9F95FD29D352A600D651C1 /* Episode */ = {
			isa = PBXGroup;
			children = (
				CE9F95FE29D352C100D651C1 /* RMEpisodeDetailView.swift */,
				CE9F960029D35A8B00D651C1 /* RMEpisodeListView.swift */,
			);
			path = Episode;
			sourceTree = "<group>";
		};
		CEC6AB4529D8255900EA78D7 /* Location */ = {
			isa = PBXGroup;
			children = (
				CEC6AB4629D8256D00EA78D7 /* RMLocationView.swift */,
				CEC6AB5329D8B40300EA78D7 /* RMLocationDetailView.swift */,
				CE0EBE5929DAC1E7007F98F9 /* RMLocationFooterLoadingTableReusableView.swift */,
			);
			path = Location;
			sourceTree = "<group>";
		};
		CEC6AB4829D82BD700EA78D7 /* Location */ = {
			isa = PBXGroup;
			children = (
				CEC6AB4929D82BE900EA78D7 /* RMLocationViewViewModel.swift */,
				CEC6AB4F29D8376300EA78D7 /* RMLocationTableViewCellViewModel.swift */,
				CEC6AB5529D8B5A700EA78D7 /* RMLocationDetailViewViewModel.swift */,
			);
			path = Location;
			sourceTree = "<group>";
		};
		CEE9935A29DCA2560053C997 /* Search */ = {
			isa = PBXGroup;
			children = (
				1AB0119329D56B62001D3F6E /* RMSearchViewController.swift */,
				CEE9935829DCA0FB0053C997 /* RMSearchOptionPickerViewController.swift */,
			);
			path = Search;
			sourceTree = "<group>";
		};
		CEEDEDD829C98FC9002537C1 /* Other */ = {
			isa = PBXGroup;
			children = (
				CEEDEDD929C98FDE002537C1 /* RMCharacterDetailViewController.swift */,
				1A07E56029D079A1008B538E /* RMEpisodeDetailViewController.swift */,
				CEE9935A29DCA2560053C997 /* Search */,
				CEC6AB5129D8966D00EA78D7 /* RMLocationDetailViewController.swift */,
			);
			path = Other;
			sourceTree = "<group>";
		};
/* End PBXGroup section */

/* Begin PBXNativeTarget section */
		CE4ABBA029C5A851003E7BA8 /* Rick And Morty */ = {
			isa = PBXNativeTarget;
			buildConfigurationList = CE4ABBB529C5A852003E7BA8 /* Build configuration list for PBXNativeTarget "Rick And Morty" */;
			buildPhases = (
				CE4ABB9D29C5A851003E7BA8 /* Sources */,
				CE4ABB9E29C5A851003E7BA8 /* Frameworks */,
				CE4ABB9F29C5A851003E7BA8 /* Resources */,
			);
			buildRules = (
			);
			dependencies = (
			);
			name = "Rick And Morty";
			productName = "Rick And Morty";
			productReference = CE4ABBA129C5A851003E7BA8 /* Rick And Morty.app */;
			productType = "com.apple.product-type.application";
		};
/* End PBXNativeTarget section */

/* Begin PBXProject section */
		CE4ABB9929C5A851003E7BA8 /* Project object */ = {
			isa = PBXProject;
			attributes = {
				BuildIndependentTargetsInParallel = 1;
				LastSwiftUpdateCheck = 1420;
				LastUpgradeCheck = 1420;
				TargetAttributes = {
					CE4ABBA029C5A851003E7BA8 = {
						CreatedOnToolsVersion = 14.2;
					};
				};
			};
			buildConfigurationList = CE4ABB9C29C5A851003E7BA8 /* Build configuration list for PBXProject "Rick And Morty" */;
			compatibilityVersion = "Xcode 14.0";
			developmentRegion = en;
			hasScannedForEncodings = 0;
			knownRegions = (
				en,
				Base,
			);
			mainGroup = CE4ABB9829C5A851003E7BA8;
			productRefGroup = CE4ABBA229C5A851003E7BA8 /* Products */;
			projectDirPath = "";
			projectRoot = "";
			targets = (
				CE4ABBA029C5A851003E7BA8 /* Rick And Morty */,
			);
		};
/* End PBXProject section */

/* Begin PBXResourcesBuildPhase section */
		CE4ABB9F29C5A851003E7BA8 /* Resources */ = {
			isa = PBXResourcesBuildPhase;
			buildActionMask = 2147483647;
			files = (
				CE4ABBB129C5A852003E7BA8 /* LaunchScreen.storyboard in Resources */,
				CE4ABBAE29C5A852003E7BA8 /* Assets.xcassets in Resources */,
			);
			runOnlyForDeploymentPostprocessing = 0;
		};
/* End PBXResourcesBuildPhase section */

/* Begin PBXSourcesBuildPhase section */
		CE4ABB9D29C5A851003E7BA8 /* Sources */ = {
			isa = PBXSourcesBuildPhase;
			buildActionMask = 2147483647;
			files = (
				CE6A974429C6463200E26187 /* RMGetAllCharactersResponse.swift in Sources */,
				CEE9935929DCA0FB0053C997 /* RMSearchOptionPickerViewController.swift in Sources */,
				CE9F95FF29D352C100D651C1 /* RMEpisodeDetailView.swift in Sources */,
				CEEDEDDE29C99361002537C1 /* RMCharacterDetailViewViewModel.swift in Sources */,
				CE07588129C5B7E4008216D3 /* RMLocationViewController.swift in Sources */,
				CEC6AB5629D8B5A700EA78D7 /* RMLocationDetailViewViewModel.swift in Sources */,
				CE9F960329D35ECD00D651C1 /* RMEpisodeListViewViewModel.swift in Sources */,
				CE07587A29C5B6E6008216D3 /* RMEpisode.swift in Sources */,
				CE6A973429C5F8EE00E26187 /* RMService.swift in Sources */,
				CE886D1D29D71BF40022406B /* RMSettingsCellViewModel.swift in Sources */,
				CE4ABBA929C5A851003E7BA8 /* RMTabViewController.swift in Sources */,
				CE4ABBA529C5A851003E7BA8 /* AppDelegate.swift in Sources */,
				CE886D1F29D71CC90022406B /* RMSettingsOption.swift in Sources */,
				CE9F95FC29D351F800D651C1 /* RMEpisodeDetailViewViewModel.swift in Sources */,
				CE6A973829C5FA0800E26187 /* RMEndpoint.swift in Sources */,
				CEC6AB5029D8376300EA78D7 /* RMLocationTableViewCellViewModel.swift in Sources */,
				1A8DD50829CB12BE00910061 /* RMFooterLoadingCollectionReusableView.swift in Sources */,
				CE4ABBA729C5A851003E7BA8 /* SceneDelegate.swift in Sources */,
				CE6A973629C5F90200E26187 /* RMRequest.swift in Sources */,
				CE0EBE6229DB0302007F98F9 /* RMNoSearchResultView.swift in Sources */,
				CE0EBE6029DB00E5007F98F9 /* RMSearchViewViewModel.swift in Sources */,
				1A1153F029CD962500BDC36C /* RMCharacterInfoCollectionViewCell.swift in Sources */,
				CE1B833429C89E24004F7C51 /* RMCharacterCollectionViewCell.swift in Sources */,
				1AEFD2A629CED1320081FE99 /* Common.swift in Sources */,
				CE1B833129C86883004F7C51 /* RMCharacterListView.swift in Sources */,
				1A72117529D59AE400AAB835 /* RMEpisodeDetailCollectionViewCell.swift in Sources */,
				1A1153F729CD968800BDC36C /* RMCharacterInfoCollectionViewCellViewModel.swift in Sources */,
				1A07E56129D079A1008B538E /* RMEpisodeDetailViewController.swift in Sources */,
				CE07587629C5B6D3008216D3 /* RMLocation.swift in Sources */,
				CE6A973E29C6022200E26187 /* RMCharacterStatus.swift in Sources */,
				CE6FF94529E0AD7700C74733 /* RMSearchResultsViewModel.swift in Sources */,
				CE07588629C5DA01008216D3 /* UIViewController+Utils.swift in Sources */,
				CEC6AB5229D8966D00EA78D7 /* RMLocationDetailViewController.swift in Sources */,
				CE6A974029C6025800E26187 /* RMCharacterGender.swift in Sources */,
				1AB0119229D55AF3001D3F6E /* RMGetAllEpisodesResponse.swift in Sources */,
				CE0EBE5D29DB0075007F98F9 /* RMSearchView.swift in Sources */,
				1A1153EE29CD95FB00BDC36C /* RMCharacterPhotoCollectionViewCell.swift in Sources */,
				CE886D2229D721A00022406B /* RMSettingsView.swift in Sources */,
				1A1153F929CD969A00BDC36C /* RMCharacterEpisodeCollectionViewCellViewModel.swift in Sources */,
				1A72117729D5A38400AAB835 /* RMEpisodeInfoCollectionViewCellViewModel.swift in Sources */,
				CE9F960129D35A8B00D651C1 /* RMEpisodeListView.swift in Sources */,
				CEC6AB4729D8256D00EA78D7 /* RMLocationView.swift in Sources */,
				CE07588329C5B80E008216D3 /* RMSettingsViewController.swift in Sources */,
				CEEDEDDA29C98FDE002537C1 /* RMCharacterDetailViewController.swift in Sources */,
				CE9F960929D3626100D651C1 /* RMEpisodeCollectionViewCell.swift in Sources */,
				1A1153F529CD967200BDC36C /* RMCharacterPhotoCollectionViewCellViewModel.swift in Sources */,
				CE6A973C29C5FFA300E26187 /* RMSingleLocation.swift in Sources */,
				CEC6AB5429D8B40300EA78D7 /* RMLocationDetailView.swift in Sources */,
				CEC6AB4C29D82EF300EA78D7 /* RMGetAllLocationsResponse.swift in Sources */,
				CE07587829C5B6E0008216D3 /* RMCharacter.swift in Sources */,
				1A26440A29D19E1B001B00F8 /* RMAPICacheManager.swift in Sources */,
				CE07587D29C5B7AA008216D3 /* RMCharacterViewController.swift in Sources */,
				CEC6AB4E29D836F500EA78D7 /* RMLocationTableViewCell.swift in Sources */,
				CEC6AB5829D8B69E00EA78D7 /* RMLocationInfoCollectionViewCellViewModel.swift in Sources */,
				CE1B833629C8A5D1004F7C51 /* RMCharacterCollectionViewCellViewModel.swift in Sources */,
				CE0EBE5A29DAC1E7007F98F9 /* RMLocationFooterLoadingTableReusableView.swift in Sources */,
				CE0EBE6429DB0347007F98F9 /* RMSearchInputView.swift in Sources */,
				CEC6AB4A29D82BE900EA78D7 /* RMLocationViewViewModel.swift in Sources */,
				CE0EBE6629DB0356007F98F9 /* RMSearchInputViewViewModel.swift in Sources */,
				1A5A3B8429CC2D75004E9CBE /* ImageManager.swift in Sources */,
				CE9F960529D3603400D651C1 /* RMEpisodeCollectionViewCellViewModel.swift in Sources */,
				1AB0119429D56B62001D3F6E /* RMSearchViewController.swift in Sources */,
				CE6A973A29C5FF3E00E26187 /* RMOrigin.swift in Sources */,
				CE1B832F29C867F0004F7C51 /* RMCharacterListViewViewModel.swift in Sources */,
				1A1153F229CD963000BDC36C /* RMCharacterEpisodeCollectionViewCell.swift in Sources */,
				CEE49C2329E177A100995009 /* RMSearchResultsView.swift in Sources */,
				CE07587F29C5B7C1008216D3 /* RMEpisodeViewController.swift in Sources */,
				CEEDEDDC29C9934A002537C1 /* RMCharacterDetailView.swift in Sources */,
				CE886D2729D72F990022406B /* RMSettingsTableViewCell.swift in Sources */,
				CE0EBE6829DB1F9C007F98F9 /* RMNoSearchResultViewViewModel.swift in Sources */,
				CE886D1B29D71BA70022406B /* RMSettingsViewViewModel.swift in Sources */,
			);
			runOnlyForDeploymentPostprocessing = 0;
		};
/* End PBXSourcesBuildPhase section */

/* Begin PBXVariantGroup section */
		CE4ABBAF29C5A852003E7BA8 /* LaunchScreen.storyboard */ = {
			isa = PBXVariantGroup;
			children = (
				CE4ABBB029C5A852003E7BA8 /* Base */,
			);
			name = LaunchScreen.storyboard;
			sourceTree = "<group>";
		};
/* End PBXVariantGroup section */

/* Begin XCBuildConfiguration section */
		CE4ABBB329C5A852003E7BA8 /* Debug */ = {
			isa = XCBuildConfiguration;
			buildSettings = {
				ALWAYS_SEARCH_USER_PATHS = NO;
				CLANG_ANALYZER_NONNULL = YES;
				CLANG_ANALYZER_NUMBER_OBJECT_CONVERSION = YES_AGGRESSIVE;
				CLANG_CXX_LANGUAGE_STANDARD = "gnu++20";
				CLANG_ENABLE_MODULES = YES;
				CLANG_ENABLE_OBJC_ARC = YES;
				CLANG_ENABLE_OBJC_WEAK = YES;
				CLANG_WARN_BLOCK_CAPTURE_AUTORELEASING = YES;
				CLANG_WARN_BOOL_CONVERSION = YES;
				CLANG_WARN_COMMA = YES;
				CLANG_WARN_CONSTANT_CONVERSION = YES;
				CLANG_WARN_DEPRECATED_OBJC_IMPLEMENTATIONS = YES;
				CLANG_WARN_DIRECT_OBJC_ISA_USAGE = YES_ERROR;
				CLANG_WARN_DOCUMENTATION_COMMENTS = YES;
				CLANG_WARN_EMPTY_BODY = YES;
				CLANG_WARN_ENUM_CONVERSION = YES;
				CLANG_WARN_INFINITE_RECURSION = YES;
				CLANG_WARN_INT_CONVERSION = YES;
				CLANG_WARN_NON_LITERAL_NULL_CONVERSION = YES;
				CLANG_WARN_OBJC_IMPLICIT_RETAIN_SELF = YES;
				CLANG_WARN_OBJC_LITERAL_CONVERSION = YES;
				CLANG_WARN_OBJC_ROOT_CLASS = YES_ERROR;
				CLANG_WARN_QUOTED_INCLUDE_IN_FRAMEWORK_HEADER = YES;
				CLANG_WARN_RANGE_LOOP_ANALYSIS = YES;
				CLANG_WARN_STRICT_PROTOTYPES = YES;
				CLANG_WARN_SUSPICIOUS_MOVE = YES;
				CLANG_WARN_UNGUARDED_AVAILABILITY = YES_AGGRESSIVE;
				CLANG_WARN_UNREACHABLE_CODE = YES;
				CLANG_WARN__DUPLICATE_METHOD_MATCH = YES;
				COPY_PHASE_STRIP = NO;
				DEBUG_INFORMATION_FORMAT = dwarf;
				ENABLE_STRICT_OBJC_MSGSEND = YES;
				ENABLE_TESTABILITY = YES;
				GCC_C_LANGUAGE_STANDARD = gnu11;
				GCC_DYNAMIC_NO_PIC = NO;
				GCC_NO_COMMON_BLOCKS = YES;
				GCC_OPTIMIZATION_LEVEL = 0;
				GCC_PREPROCESSOR_DEFINITIONS = (
					"DEBUG=1",
					"$(inherited)",
				);
				GCC_WARN_64_TO_32_BIT_CONVERSION = YES;
				GCC_WARN_ABOUT_RETURN_TYPE = YES_ERROR;
				GCC_WARN_UNDECLARED_SELECTOR = YES;
				GCC_WARN_UNINITIALIZED_AUTOS = YES_AGGRESSIVE;
				GCC_WARN_UNUSED_FUNCTION = YES;
				GCC_WARN_UNUSED_VARIABLE = YES;
				IPHONEOS_DEPLOYMENT_TARGET = 16.2;
				MTL_ENABLE_DEBUG_INFO = INCLUDE_SOURCE;
				MTL_FAST_MATH = YES;
				ONLY_ACTIVE_ARCH = YES;
				SDKROOT = iphoneos;
				SWIFT_ACTIVE_COMPILATION_CONDITIONS = DEBUG;
				SWIFT_OPTIMIZATION_LEVEL = "-Onone";
			};
			name = Debug;
		};
		CE4ABBB429C5A852003E7BA8 /* Release */ = {
			isa = XCBuildConfiguration;
			buildSettings = {
				ALWAYS_SEARCH_USER_PATHS = NO;
				CLANG_ANALYZER_NONNULL = YES;
				CLANG_ANALYZER_NUMBER_OBJECT_CONVERSION = YES_AGGRESSIVE;
				CLANG_CXX_LANGUAGE_STANDARD = "gnu++20";
				CLANG_ENABLE_MODULES = YES;
				CLANG_ENABLE_OBJC_ARC = YES;
				CLANG_ENABLE_OBJC_WEAK = YES;
				CLANG_WARN_BLOCK_CAPTURE_AUTORELEASING = YES;
				CLANG_WARN_BOOL_CONVERSION = YES;
				CLANG_WARN_COMMA = YES;
				CLANG_WARN_CONSTANT_CONVERSION = YES;
				CLANG_WARN_DEPRECATED_OBJC_IMPLEMENTATIONS = YES;
				CLANG_WARN_DIRECT_OBJC_ISA_USAGE = YES_ERROR;
				CLANG_WARN_DOCUMENTATION_COMMENTS = YES;
				CLANG_WARN_EMPTY_BODY = YES;
				CLANG_WARN_ENUM_CONVERSION = YES;
				CLANG_WARN_INFINITE_RECURSION = YES;
				CLANG_WARN_INT_CONVERSION = YES;
				CLANG_WARN_NON_LITERAL_NULL_CONVERSION = YES;
				CLANG_WARN_OBJC_IMPLICIT_RETAIN_SELF = YES;
				CLANG_WARN_OBJC_LITERAL_CONVERSION = YES;
				CLANG_WARN_OBJC_ROOT_CLASS = YES_ERROR;
				CLANG_WARN_QUOTED_INCLUDE_IN_FRAMEWORK_HEADER = YES;
				CLANG_WARN_RANGE_LOOP_ANALYSIS = YES;
				CLANG_WARN_STRICT_PROTOTYPES = YES;
				CLANG_WARN_SUSPICIOUS_MOVE = YES;
				CLANG_WARN_UNGUARDED_AVAILABILITY = YES_AGGRESSIVE;
				CLANG_WARN_UNREACHABLE_CODE = YES;
				CLANG_WARN__DUPLICATE_METHOD_MATCH = YES;
				COPY_PHASE_STRIP = NO;
				DEBUG_INFORMATION_FORMAT = "dwarf-with-dsym";
				ENABLE_NS_ASSERTIONS = NO;
				ENABLE_STRICT_OBJC_MSGSEND = YES;
				GCC_C_LANGUAGE_STANDARD = gnu11;
				GCC_NO_COMMON_BLOCKS = YES;
				GCC_WARN_64_TO_32_BIT_CONVERSION = YES;
				GCC_WARN_ABOUT_RETURN_TYPE = YES_ERROR;
				GCC_WARN_UNDECLARED_SELECTOR = YES;
				GCC_WARN_UNINITIALIZED_AUTOS = YES_AGGRESSIVE;
				GCC_WARN_UNUSED_FUNCTION = YES;
				GCC_WARN_UNUSED_VARIABLE = YES;
				IPHONEOS_DEPLOYMENT_TARGET = 16.2;
				MTL_ENABLE_DEBUG_INFO = NO;
				MTL_FAST_MATH = YES;
				SDKROOT = iphoneos;
				SWIFT_COMPILATION_MODE = wholemodule;
				SWIFT_OPTIMIZATION_LEVEL = "-O";
				VALIDATE_PRODUCT = YES;
			};
			name = Release;
		};
		CE4ABBB629C5A852003E7BA8 /* Debug */ = {
			isa = XCBuildConfiguration;
			buildSettings = {
				ASSETCATALOG_COMPILER_APPICON_NAME = AppIcon;
				ASSETCATALOG_COMPILER_GLOBAL_ACCENT_COLOR_NAME = AccentColor;
				CODE_SIGN_STYLE = Automatic;
				CURRENT_PROJECT_VERSION = 1;
				DEVELOPMENT_TEAM = BQAGCV9J3L;
				GENERATE_INFOPLIST_FILE = YES;
				INFOPLIST_FILE = "Rick And Morty/Info.plist";
				INFOPLIST_KEY_UIApplicationSupportsIndirectInputEvents = YES;
				INFOPLIST_KEY_UILaunchStoryboardName = LaunchScreen;
				INFOPLIST_KEY_UISupportedInterfaceOrientations_iPad = "UIInterfaceOrientationPortrait UIInterfaceOrientationPortraitUpsideDown UIInterfaceOrientationLandscapeLeft UIInterfaceOrientationLandscapeRight";
				INFOPLIST_KEY_UISupportedInterfaceOrientations_iPhone = "UIInterfaceOrientationPortrait UIInterfaceOrientationLandscapeLeft UIInterfaceOrientationLandscapeRight";
				LD_RUNPATH_SEARCH_PATHS = (
					"$(inherited)",
					"@executable_path/Frameworks",
				);
				MARKETING_VERSION = 1.0;
				PRODUCT_BUNDLE_IDENTIFIER = "co.asone.rickmorty.Rick-And-Morty";
				PRODUCT_NAME = "$(TARGET_NAME)";
				SWIFT_EMIT_LOC_STRINGS = YES;
				SWIFT_VERSION = 5.0;
				TARGETED_DEVICE_FAMILY = "1,2";
			};
			name = Debug;
		};
		CE4ABBB729C5A852003E7BA8 /* Release */ = {
			isa = XCBuildConfiguration;
			buildSettings = {
				ASSETCATALOG_COMPILER_APPICON_NAME = AppIcon;
				ASSETCATALOG_COMPILER_GLOBAL_ACCENT_COLOR_NAME = AccentColor;
				CODE_SIGN_STYLE = Automatic;
				CURRENT_PROJECT_VERSION = 1;
				DEVELOPMENT_TEAM = BQAGCV9J3L;
				GENERATE_INFOPLIST_FILE = YES;
				INFOPLIST_FILE = "Rick And Morty/Info.plist";
				INFOPLIST_KEY_UIApplicationSupportsIndirectInputEvents = YES;
				INFOPLIST_KEY_UILaunchStoryboardName = LaunchScreen;
				INFOPLIST_KEY_UISupportedInterfaceOrientations_iPad = "UIInterfaceOrientationPortrait UIInterfaceOrientationPortraitUpsideDown UIInterfaceOrientationLandscapeLeft UIInterfaceOrientationLandscapeRight";
				INFOPLIST_KEY_UISupportedInterfaceOrientations_iPhone = "UIInterfaceOrientationPortrait UIInterfaceOrientationLandscapeLeft UIInterfaceOrientationLandscapeRight";
				LD_RUNPATH_SEARCH_PATHS = (
					"$(inherited)",
					"@executable_path/Frameworks",
				);
				MARKETING_VERSION = 1.0;
				PRODUCT_BUNDLE_IDENTIFIER = "co.asone.rickmorty.Rick-And-Morty";
				PRODUCT_NAME = "$(TARGET_NAME)";
				SWIFT_EMIT_LOC_STRINGS = YES;
				SWIFT_VERSION = 5.0;
				TARGETED_DEVICE_FAMILY = "1,2";
			};
			name = Release;
		};
/* End XCBuildConfiguration section */

/* Begin XCConfigurationList section */
		CE4ABB9C29C5A851003E7BA8 /* Build configuration list for PBXProject "Rick And Morty" */ = {
			isa = XCConfigurationList;
			buildConfigurations = (
				CE4ABBB329C5A852003E7BA8 /* Debug */,
				CE4ABBB429C5A852003E7BA8 /* Release */,
			);
			defaultConfigurationIsVisible = 0;
			defaultConfigurationName = Release;
		};
		CE4ABBB529C5A852003E7BA8 /* Build configuration list for PBXNativeTarget "Rick And Morty" */ = {
			isa = XCConfigurationList;
			buildConfigurations = (
				CE4ABBB629C5A852003E7BA8 /* Debug */,
				CE4ABBB729C5A852003E7BA8 /* Release */,
			);
			defaultConfigurationIsVisible = 0;
			defaultConfigurationName = Release;
		};
/* End XCConfigurationList section */
	};
	rootObject = CE4ABB9929C5A851003E7BA8 /* Project object */;
}
